// !$*UTF8*$!
{
	archiveVersion = 1;
	classes = {
	};
	objectVersion = 46;
	objects = {

/* Begin PBXBuildFile section */
		8909A16D149161170040188F /* testBoard.png in Resources */ = {isa = PBXBuildFile; fileRef = 8909A169149161170040188F /* testBoard.png */; };
		8933A3A4149251E2006054C4 /* ActionBadgesViewController.m in Sources */ = {isa = PBXBuildFile; fileRef = 8933A3A3149251E2006054C4 /* ActionBadgesViewController.m */; };
		897722881496857B00B1FC50 /* button-play.png in Resources */ = {isa = PBXBuildFile; fileRef = 897722841496857B00B1FC50 /* button-play.png */; };
		897722891496857B00B1FC50 /* button-practice.png in Resources */ = {isa = PBXBuildFile; fileRef = 897722851496857B00B1FC50 /* button-practice.png */; };
		8977228A1496857B00B1FC50 /* button-review.png in Resources */ = {isa = PBXBuildFile; fileRef = 897722861496857B00B1FC50 /* button-review.png */; };
		8977228B1496857B00B1FC50 /* button-watch.png in Resources */ = {isa = PBXBuildFile; fileRef = 897722871496857B00B1FC50 /* button-watch.png */; };
		8977228E1496891700B1FC50 /* bg-red.png in Resources */ = {isa = PBXBuildFile; fileRef = 8977228D1496891700B1FC50 /* bg-red.png */; };
		897B5CEC1487D10F003EE329 /* UIKit.framework in Frameworks */ = {isa = PBXBuildFile; fileRef = 897B5CEB1487D10F003EE329 /* UIKit.framework */; };
		897B5CEE1487D10F003EE329 /* Foundation.framework in Frameworks */ = {isa = PBXBuildFile; fileRef = 897B5CED1487D10F003EE329 /* Foundation.framework */; };
		897B5CF01487D10F003EE329 /* CoreGraphics.framework in Frameworks */ = {isa = PBXBuildFile; fileRef = 897B5CEF1487D10F003EE329 /* CoreGraphics.framework */; };
		897B5CF61487D10F003EE329 /* InfoPlist.strings in Resources */ = {isa = PBXBuildFile; fileRef = 897B5CF41487D10F003EE329 /* InfoPlist.strings */; };
		897B5CF81487D10F003EE329 /* main.m in Sources */ = {isa = PBXBuildFile; fileRef = 897B5CF71487D10F003EE329 /* main.m */; };
		897B5CFC1487D10F003EE329 /* AppDelegate.m in Sources */ = {isa = PBXBuildFile; fileRef = 897B5CFB1487D10F003EE329 /* AppDelegate.m */; };
		897B5CFF1487D10F003EE329 /* RootViewController.m in Sources */ = {isa = PBXBuildFile; fileRef = 897B5CFE1487D10F003EE329 /* RootViewController.m */; };
		89858E7F1490504100763B8C /* LoadingView.m in Sources */ = {isa = PBXBuildFile; fileRef = 89858E7E1490504100763B8C /* LoadingView.m */; };
		899387A9148930AC006FF9DA /* MenuTableViewController.m in Sources */ = {isa = PBXBuildFile; fileRef = 899387A8148930AC006FF9DA /* MenuTableViewController.m */; };
		899387B91489661C006FF9DA /* QuartzCore.framework in Frameworks */ = {isa = PBXBuildFile; fileRef = 899387B7148965FB006FF9DA /* QuartzCore.framework */; };
		89945492148DBFC80003014A /* PracticeView.m in Sources */ = {isa = PBXBuildFile; fileRef = 89945491148DBFC80003014A /* PracticeView.m */; };
		89A34089149B8641009CAC3F /* icon-backward.png in Resources */ = {isa = PBXBuildFile; fileRef = 89A34083149B863F009CAC3F /* icon-backward.png */; };
		89A3408A149B8641009CAC3F /* icon-flip.png in Resources */ = {isa = PBXBuildFile; fileRef = 89A34084149B863F009CAC3F /* icon-flip.png */; };
		89A3408B149B8641009CAC3F /* icon-forward.png in Resources */ = {isa = PBXBuildFile; fileRef = 89A34085149B8640009CAC3F /* icon-forward.png */; };
		89A3408C149B8641009CAC3F /* icon-home.png in Resources */ = {isa = PBXBuildFile; fileRef = 89A34086149B8640009CAC3F /* icon-home.png */; };
		89A3408D149B8641009CAC3F /* icon-moves.png in Resources */ = {isa = PBXBuildFile; fileRef = 89A34087149B8640009CAC3F /* icon-moves.png */; };
		89A3408E149B8641009CAC3F /* icon-settings.png in Resources */ = {isa = PBXBuildFile; fileRef = 89A34088149B8641009CAC3F /* icon-settings.png */; };
		89A34092149B86E0009CAC3F /* icon-menu.png in Resources */ = {isa = PBXBuildFile; fileRef = 89A3408F149B86DF009CAC3F /* icon-menu.png */; };
		89A34093149B86E0009CAC3F /* icon-moves@2x.png in Resources */ = {isa = PBXBuildFile; fileRef = 89A34090149B86DF009CAC3F /* icon-moves@2x.png */; };
		89A34094149B86E0009CAC3F /* icon-settings@2x.png in Resources */ = {isa = PBXBuildFile; fileRef = 89A34091149B86DF009CAC3F /* icon-settings@2x.png */; };
		89C3108D14880D4D00DFAADC /* SettingsTableViewController.m in Sources */ = {isa = PBXBuildFile; fileRef = 89C3108C14880D4D00DFAADC /* SettingsTableViewController.m */; };
		89C310A1148822A900DFAADC /* BoardImageView.m in Sources */ = {isa = PBXBuildFile; fileRef = 89C31091148822A800DFAADC /* BoardImageView.m */; };
		89C310A2148822A900DFAADC /* BoardView.m in Sources */ = {isa = PBXBuildFile; fileRef = 89C31093148822A800DFAADC /* BoardView.m */; };
		89C310A3148822A900DFAADC /* BoardViewController.m in Sources */ = {isa = PBXBuildFile; fileRef = 89C31095148822A800DFAADC /* BoardViewController.m */; };
		89C310A4148822A900DFAADC /* CurrentGamesViewController.m in Sources */ = {isa = PBXBuildFile; fileRef = 89C31097148822A800DFAADC /* CurrentGamesViewController.m */; };
		89C310A5148822A900DFAADC /* Move.m in Sources */ = {isa = PBXBuildFile; fileRef = 89C3109A148822A900DFAADC /* Move.m */; };
		89C310A6148822A900DFAADC /* MoveListView.m in Sources */ = {isa = PBXBuildFile; fileRef = 89C3109C148822A900DFAADC /* MoveListView.m */; };
		89C310A7148822A900DFAADC /* PieceImageView.m in Sources */ = {isa = PBXBuildFile; fileRef = 89C3109E148822A900DFAADC /* PieceImageView.m */; };
		89C310A8148822A900DFAADC /* StreamController.m in Sources */ = {isa = PBXBuildFile; fileRef = 89C310A0148822A900DFAADC /* StreamController.m */; };
		89C310AA1488237100DFAADC /* AudioToolbox.framework in Frameworks */ = {isa = PBXBuildFile; fileRef = 89C310A91488237100DFAADC /* AudioToolbox.framework */; };
		89C310AC148824B900DFAADC /* MessageUI.framework in Frameworks */ = {isa = PBXBuildFile; fileRef = 89C310AB148824B900DFAADC /* MessageUI.framework */; };
		89CD84081489D33600649DBA /* PracticeViewController.m in Sources */ = {isa = PBXBuildFile; fileRef = 89CD84071489D33600649DBA /* PracticeViewController.m */; };
		89CD840D148A50CC00649DBA /* Model.xcdatamodeld in Sources */ = {isa = PBXBuildFile; fileRef = 89CD840B148A50CC00649DBA /* Model.xcdatamodeld */; };
		89CD8411148AE77A00649DBA /* KeychainWrapper.m in Sources */ = {isa = PBXBuildFile; fileRef = 89CD8410148AE77A00649DBA /* KeychainWrapper.m */; };
		89CD8414148AECD400649DBA /* Security.framework in Frameworks */ = {isa = PBXBuildFile; fileRef = 89CD8412148AECBF00649DBA /* Security.framework */; };
		89CD848D148AFC0C00649DBA /* backward-icon.png in Resources */ = {isa = PBXBuildFile; fileRef = 89CD8422148AFC0C00649DBA /* backward-icon.png */; };
		89CD848E148AFC0C00649DBA /* bg.png in Resources */ = {isa = PBXBuildFile; fileRef = 89CD8423148AFC0C00649DBA /* bg.png */; };
		89CD848F148AFC0C00649DBA /* board-icon.png in Resources */ = {isa = PBXBuildFile; fileRef = 89CD8424148AFC0C00649DBA /* board-icon.png */; };
		89CD8490148AFC0C00649DBA /* board_paper.png in Resources */ = {isa = PBXBuildFile; fileRef = 89CD8425148AFC0C00649DBA /* board_paper.png */; };
		89CD8491148AFC0C00649DBA /* board_pinstripes.png in Resources */ = {isa = PBXBuildFile; fileRef = 89CD8426148AFC0C00649DBA /* board_pinstripes.png */; };
		89CD8492148AFC0C00649DBA /* board_plain.png in Resources */ = {isa = PBXBuildFile; fileRef = 89CD8427148AFC0C00649DBA /* board_plain.png */; };
		89CD8493148AFC0C00649DBA /* board_wood_dark.png in Resources */ = {isa = PBXBuildFile; fileRef = 89CD8428148AFC0C00649DBA /* board_wood_dark.png */; };
		89CD8494148AFC0C00649DBA /* board_wood_light.png in Resources */ = {isa = PBXBuildFile; fileRef = 89CD8429148AFC0C00649DBA /* board_wood_light.png */; };
		89CD8495148AFC0C00649DBA /* email-icon.png in Resources */ = {isa = PBXBuildFile; fileRef = 89CD842A148AFC0C00649DBA /* email-icon.png */; };
		89CD8496148AFC0C00649DBA /* icon-flip@2x.png in Resources */ = {isa = PBXBuildFile; fileRef = 89CD842B148AFC0C00649DBA /* icon-flip@2x.png */; };
		89CD8497148AFC0C00649DBA /* forward-icon.png in Resources */ = {isa = PBXBuildFile; fileRef = 89CD842C148AFC0C00649DBA /* forward-icon.png */; };
		89CD8498148AFC0C00649DBA /* games-icon.png in Resources */ = {isa = PBXBuildFile; fileRef = 89CD842D148AFC0C00649DBA /* games-icon.png */; };
		89CD8499148AFC0C00649DBA /* info-icon.png in Resources */ = {isa = PBXBuildFile; fileRef = 89CD842E148AFC0C00649DBA /* info-icon.png */; };
		89CD849A148AFC0C00649DBA /* alpha_bb.png in Resources */ = {isa = PBXBuildFile; fileRef = 89CD8431148AFC0C00649DBA /* alpha_bb.png */; };
		89CD849B148AFC0C00649DBA /* alpha_bk.png in Resources */ = {isa = PBXBuildFile; fileRef = 89CD8432148AFC0C00649DBA /* alpha_bk.png */; };
		89CD849C148AFC0C00649DBA /* alpha_bn.png in Resources */ = {isa = PBXBuildFile; fileRef = 89CD8433148AFC0C00649DBA /* alpha_bn.png */; };
		89CD849D148AFC0C00649DBA /* alpha_bp.png in Resources */ = {isa = PBXBuildFile; fileRef = 89CD8434148AFC0C00649DBA /* alpha_bp.png */; };
		89CD849E148AFC0C00649DBA /* alpha_bq.png in Resources */ = {isa = PBXBuildFile; fileRef = 89CD8435148AFC0C00649DBA /* alpha_bq.png */; };
		89CD849F148AFC0C00649DBA /* alpha_br.png in Resources */ = {isa = PBXBuildFile; fileRef = 89CD8436148AFC0C00649DBA /* alpha_br.png */; };
		89CD84A0148AFC0C00649DBA /* alpha_wb.png in Resources */ = {isa = PBXBuildFile; fileRef = 89CD8437148AFC0C00649DBA /* alpha_wb.png */; };
		89CD84A1148AFC0C00649DBA /* alpha_wk.png in Resources */ = {isa = PBXBuildFile; fileRef = 89CD8438148AFC0C00649DBA /* alpha_wk.png */; };
		89CD84A2148AFC0C00649DBA /* alpha_wn.png in Resources */ = {isa = PBXBuildFile; fileRef = 89CD8439148AFC0C00649DBA /* alpha_wn.png */; };
		89CD84A3148AFC0C00649DBA /* alpha_wp.png in Resources */ = {isa = PBXBuildFile; fileRef = 89CD843A148AFC0C00649DBA /* alpha_wp.png */; };
		89CD84A4148AFC0C00649DBA /* alpha_wq.png in Resources */ = {isa = PBXBuildFile; fileRef = 89CD843B148AFC0C00649DBA /* alpha_wq.png */; };
		89CD84A5148AFC0C00649DBA /* alpha_wr.png in Resources */ = {isa = PBXBuildFile; fileRef = 89CD843C148AFC0C00649DBA /* alpha_wr.png */; };
		89CD84A6148AFC0C00649DBA /* line_bb.png in Resources */ = {isa = PBXBuildFile; fileRef = 89CD843E148AFC0C00649DBA /* line_bb.png */; };
		89CD84A7148AFC0C00649DBA /* line_bk.png in Resources */ = {isa = PBXBuildFile; fileRef = 89CD843F148AFC0C00649DBA /* line_bk.png */; };
		89CD84A8148AFC0C00649DBA /* line_bn.png in Resources */ = {isa = PBXBuildFile; fileRef = 89CD8440148AFC0C00649DBA /* line_bn.png */; };
		89CD84A9148AFC0C00649DBA /* line_bp.png in Resources */ = {isa = PBXBuildFile; fileRef = 89CD8441148AFC0C00649DBA /* line_bp.png */; };
		89CD84AA148AFC0C00649DBA /* line_bq.png in Resources */ = {isa = PBXBuildFile; fileRef = 89CD8442148AFC0C00649DBA /* line_bq.png */; };
		89CD84AB148AFC0C00649DBA /* line_br.png in Resources */ = {isa = PBXBuildFile; fileRef = 89CD8443148AFC0C00649DBA /* line_br.png */; };
		89CD84AC148AFC0C00649DBA /* line_wb.png in Resources */ = {isa = PBXBuildFile; fileRef = 89CD8444148AFC0C00649DBA /* line_wb.png */; };
		89CD84AD148AFC0C00649DBA /* line_wk.png in Resources */ = {isa = PBXBuildFile; fileRef = 89CD8445148AFC0C00649DBA /* line_wk.png */; };
		89CD84AE148AFC0C00649DBA /* line_wn.png in Resources */ = {isa = PBXBuildFile; fileRef = 89CD8446148AFC0C00649DBA /* line_wn.png */; };
		89CD84AF148AFC0C00649DBA /* line_wp.png in Resources */ = {isa = PBXBuildFile; fileRef = 89CD8447148AFC0C00649DBA /* line_wp.png */; };
		89CD84B0148AFC0C00649DBA /* line_wq.png in Resources */ = {isa = PBXBuildFile; fileRef = 89CD8448148AFC0C00649DBA /* line_wq.png */; };
		89CD84B1148AFC0C00649DBA /* line_wr.png in Resources */ = {isa = PBXBuildFile; fileRef = 89CD8449148AFC0C00649DBA /* line_wr.png */; };
		89CD84B2148AFC0C00649DBA /* magnetic_bb.png in Resources */ = {isa = PBXBuildFile; fileRef = 89CD844B148AFC0C00649DBA /* magnetic_bb.png */; };
		89CD84B3148AFC0C00649DBA /* magnetic_bk.png in Resources */ = {isa = PBXBuildFile; fileRef = 89CD844C148AFC0C00649DBA /* magnetic_bk.png */; };
		89CD84B4148AFC0C00649DBA /* magnetic_bn.png in Resources */ = {isa = PBXBuildFile; fileRef = 89CD844D148AFC0C00649DBA /* magnetic_bn.png */; };
		89CD84B5148AFC0C00649DBA /* magnetic_bp.png in Resources */ = {isa = PBXBuildFile; fileRef = 89CD844E148AFC0C00649DBA /* magnetic_bp.png */; };
		89CD84B6148AFC0C00649DBA /* magnetic_bq.png in Resources */ = {isa = PBXBuildFile; fileRef = 89CD844F148AFC0C00649DBA /* magnetic_bq.png */; };
		89CD84B7148AFC0C00649DBA /* magnetic_br.png in Resources */ = {isa = PBXBuildFile; fileRef = 89CD8450148AFC0C00649DBA /* magnetic_br.png */; };
		89CD84B8148AFC0C00649DBA /* magnetic_wb.png in Resources */ = {isa = PBXBuildFile; fileRef = 89CD8451148AFC0C00649DBA /* magnetic_wb.png */; };
		89CD84B9148AFC0C00649DBA /* magnetic_wk.png in Resources */ = {isa = PBXBuildFile; fileRef = 89CD8452148AFC0C00649DBA /* magnetic_wk.png */; };
		89CD84BA148AFC0C00649DBA /* magnetic_wn.png in Resources */ = {isa = PBXBuildFile; fileRef = 89CD8453148AFC0C00649DBA /* magnetic_wn.png */; };
		89CD84BB148AFC0C00649DBA /* magnetic_wp.png in Resources */ = {isa = PBXBuildFile; fileRef = 89CD8454148AFC0C00649DBA /* magnetic_wp.png */; };
		89CD84BC148AFC0C00649DBA /* magnetic_wq.png in Resources */ = {isa = PBXBuildFile; fileRef = 89CD8455148AFC0C00649DBA /* magnetic_wq.png */; };
		89CD84BD148AFC0C00649DBA /* magnetic_wr.png in Resources */ = {isa = PBXBuildFile; fileRef = 89CD8456148AFC0C00649DBA /* magnetic_wr.png */; };
		89CD84BE148AFC0C00649DBA /* mark_bb.png in Resources */ = {isa = PBXBuildFile; fileRef = 89CD8458148AFC0C00649DBA /* mark_bb.png */; };
		89CD84BF148AFC0C00649DBA /* mark_bk.png in Resources */ = {isa = PBXBuildFile; fileRef = 89CD8459148AFC0C00649DBA /* mark_bk.png */; };
		89CD84C0148AFC0C00649DBA /* mark_bn.png in Resources */ = {isa = PBXBuildFile; fileRef = 89CD845A148AFC0C00649DBA /* mark_bn.png */; };
		89CD84C1148AFC0C00649DBA /* mark_bp.png in Resources */ = {isa = PBXBuildFile; fileRef = 89CD845B148AFC0C00649DBA /* mark_bp.png */; };
		89CD84C2148AFC0C00649DBA /* mark_bq.png in Resources */ = {isa = PBXBuildFile; fileRef = 89CD845C148AFC0C00649DBA /* mark_bq.png */; };
		89CD84C3148AFC0C00649DBA /* mark_br.png in Resources */ = {isa = PBXBuildFile; fileRef = 89CD845D148AFC0C00649DBA /* mark_br.png */; };
		89CD84C4148AFC0C00649DBA /* mark_wb.png in Resources */ = {isa = PBXBuildFile; fileRef = 89CD845E148AFC0C00649DBA /* mark_wb.png */; };
		89CD84C5148AFC0C00649DBA /* mark_wk.png in Resources */ = {isa = PBXBuildFile; fileRef = 89CD845F148AFC0C00649DBA /* mark_wk.png */; };
		89CD84C6148AFC0C00649DBA /* mark_wn.png in Resources */ = {isa = PBXBuildFile; fileRef = 89CD8460148AFC0C00649DBA /* mark_wn.png */; };
		89CD84C7148AFC0C00649DBA /* mark_wp.png in Resources */ = {isa = PBXBuildFile; fileRef = 89CD8461148AFC0C00649DBA /* mark_wp.png */; };
		89CD84C8148AFC0C00649DBA /* mark_wq.png in Resources */ = {isa = PBXBuildFile; fileRef = 89CD8462148AFC0C00649DBA /* mark_wq.png */; };
		89CD84C9148AFC0C00649DBA /* mark_wr.png in Resources */ = {isa = PBXBuildFile; fileRef = 89CD8463148AFC0C00649DBA /* mark_wr.png */; };
		89CD84CA148AFC0C00649DBA /* motif_bb.png in Resources */ = {isa = PBXBuildFile; fileRef = 89CD8465148AFC0C00649DBA /* motif_bb.png */; };
		89CD84CB148AFC0C00649DBA /* motif_bk.png in Resources */ = {isa = PBXBuildFile; fileRef = 89CD8466148AFC0C00649DBA /* motif_bk.png */; };
		89CD84CC148AFC0C00649DBA /* motif_bn.png in Resources */ = {isa = PBXBuildFile; fileRef = 89CD8467148AFC0C00649DBA /* motif_bn.png */; };
		89CD84CD148AFC0C00649DBA /* motif_bp.png in Resources */ = {isa = PBXBuildFile; fileRef = 89CD8468148AFC0C00649DBA /* motif_bp.png */; };
		89CD84CE148AFC0C00649DBA /* motif_bq.png in Resources */ = {isa = PBXBuildFile; fileRef = 89CD8469148AFC0C00649DBA /* motif_bq.png */; };
		89CD84CF148AFC0C00649DBA /* motif_br.png in Resources */ = {isa = PBXBuildFile; fileRef = 89CD846A148AFC0C00649DBA /* motif_br.png */; };
		89CD84D0148AFC0C00649DBA /* motif_wb.png in Resources */ = {isa = PBXBuildFile; fileRef = 89CD846B148AFC0C00649DBA /* motif_wb.png */; };
		89CD84D1148AFC0C00649DBA /* motif_wk.png in Resources */ = {isa = PBXBuildFile; fileRef = 89CD846C148AFC0C00649DBA /* motif_wk.png */; };
		89CD84D2148AFC0C00649DBA /* motif_wn.png in Resources */ = {isa = PBXBuildFile; fileRef = 89CD846D148AFC0C00649DBA /* motif_wn.png */; };
		89CD84D3148AFC0C00649DBA /* motif_wp.png in Resources */ = {isa = PBXBuildFile; fileRef = 89CD846E148AFC0C00649DBA /* motif_wp.png */; };
		89CD84D4148AFC0C00649DBA /* motif_wq.png in Resources */ = {isa = PBXBuildFile; fileRef = 89CD846F148AFC0C00649DBA /* motif_wq.png */; };
		89CD84D5148AFC0C00649DBA /* motif_wr.png in Resources */ = {isa = PBXBuildFile; fileRef = 89CD8470148AFC0C00649DBA /* motif_wr.png */; };
		89CD84D6148AFC0C00649DBA /* usual_bb.png in Resources */ = {isa = PBXBuildFile; fileRef = 89CD8472148AFC0C00649DBA /* usual_bb.png */; };
		89CD84D7148AFC0C00649DBA /* usual_bk.png in Resources */ = {isa = PBXBuildFile; fileRef = 89CD8473148AFC0C00649DBA /* usual_bk.png */; };
		89CD84D8148AFC0C00649DBA /* usual_bn.png in Resources */ = {isa = PBXBuildFile; fileRef = 89CD8474148AFC0C00649DBA /* usual_bn.png */; };
		89CD84D9148AFC0C00649DBA /* usual_bp.png in Resources */ = {isa = PBXBuildFile; fileRef = 89CD8475148AFC0C00649DBA /* usual_bp.png */; };
		89CD84DA148AFC0C00649DBA /* usual_bq.png in Resources */ = {isa = PBXBuildFile; fileRef = 89CD8476148AFC0C00649DBA /* usual_bq.png */; };
		89CD84DB148AFC0C00649DBA /* usual_br.png in Resources */ = {isa = PBXBuildFile; fileRef = 89CD8477148AFC0C00649DBA /* usual_br.png */; };
		89CD84DC148AFC0C00649DBA /* usual_wb.png in Resources */ = {isa = PBXBuildFile; fileRef = 89CD8478148AFC0C00649DBA /* usual_wb.png */; };
		89CD84DD148AFC0C00649DBA /* usual_wk.png in Resources */ = {isa = PBXBuildFile; fileRef = 89CD8479148AFC0C00649DBA /* usual_wk.png */; };
		89CD84DE148AFC0C00649DBA /* usual_wn.png in Resources */ = {isa = PBXBuildFile; fileRef = 89CD847A148AFC0C00649DBA /* usual_wn.png */; };
		89CD84DF148AFC0C00649DBA /* usual_wp.png in Resources */ = {isa = PBXBuildFile; fileRef = 89CD847B148AFC0C00649DBA /* usual_wp.png */; };
		89CD84E0148AFC0C00649DBA /* usual_wq.png in Resources */ = {isa = PBXBuildFile; fileRef = 89CD847C148AFC0C00649DBA /* usual_wq.png */; };
		89CD84E1148AFC0C00649DBA /* usual_wr.png in Resources */ = {isa = PBXBuildFile; fileRef = 89CD847D148AFC0C00649DBA /* usual_wr.png */; };
		89CD84E2148AFC0C00649DBA /* utrecht_bb.png in Resources */ = {isa = PBXBuildFile; fileRef = 89CD847F148AFC0C00649DBA /* utrecht_bb.png */; };
		89CD84E3148AFC0C00649DBA /* utrecht_bk.png in Resources */ = {isa = PBXBuildFile; fileRef = 89CD8480148AFC0C00649DBA /* utrecht_bk.png */; };
		89CD84E4148AFC0C00649DBA /* utrecht_bn.png in Resources */ = {isa = PBXBuildFile; fileRef = 89CD8481148AFC0C00649DBA /* utrecht_bn.png */; };
		89CD84E5148AFC0C00649DBA /* utrecht_bp.png in Resources */ = {isa = PBXBuildFile; fileRef = 89CD8482148AFC0C00649DBA /* utrecht_bp.png */; };
		89CD84E6148AFC0C00649DBA /* utrecht_bq.png in Resources */ = {isa = PBXBuildFile; fileRef = 89CD8483148AFC0C00649DBA /* utrecht_bq.png */; };
		89CD84E7148AFC0C00649DBA /* utrecht_br.png in Resources */ = {isa = PBXBuildFile; fileRef = 89CD8484148AFC0C00649DBA /* utrecht_br.png */; };
		89CD84E8148AFC0C00649DBA /* utrecht_wb.png in Resources */ = {isa = PBXBuildFile; fileRef = 89CD8485148AFC0C00649DBA /* utrecht_wb.png */; };
		89CD84E9148AFC0C00649DBA /* utrecht_wk.png in Resources */ = {isa = PBXBuildFile; fileRef = 89CD8486148AFC0C00649DBA /* utrecht_wk.png */; };
		89CD84EA148AFC0C00649DBA /* utrecht_wn.png in Resources */ = {isa = PBXBuildFile; fileRef = 89CD8487148AFC0C00649DBA /* utrecht_wn.png */; };
		89CD84EB148AFC0C00649DBA /* utrecht_wp.png in Resources */ = {isa = PBXBuildFile; fileRef = 89CD8488148AFC0C00649DBA /* utrecht_wp.png */; };
		89CD84EC148AFC0C00649DBA /* utrecht_wq.png in Resources */ = {isa = PBXBuildFile; fileRef = 89CD8489148AFC0C00649DBA /* utrecht_wq.png */; };
		89CD84ED148AFC0C00649DBA /* utrecht_wr.png in Resources */ = {isa = PBXBuildFile; fileRef = 89CD848A148AFC0C00649DBA /* utrecht_wr.png */; };
		89CD84EE148AFC0C00649DBA /* pixelsift.png in Resources */ = {isa = PBXBuildFile; fileRef = 89CD848B148AFC0C00649DBA /* pixelsift.png */; };
		89CD84EF148AFC0C00649DBA /* refresh-icon.png in Resources */ = {isa = PBXBuildFile; fileRef = 89CD848C148AFC0C00649DBA /* refresh-icon.png */; };
		89E03990148EA2E900EFE945 /* Default-Landscape~ipad.png in Resources */ = {isa = PBXBuildFile; fileRef = 89E0398F148EA2E900EFE945 /* Default-Landscape~ipad.png */; };
		89E03992148EA4C800EFE945 /* Default@2x.png in Resources */ = {isa = PBXBuildFile; fileRef = 89E03991148EA4C800EFE945 /* Default@2x.png */; };
		89E03994148EA54600EFE945 /* Default.png in Resources */ = {isa = PBXBuildFile; fileRef = 89E03993148EA54600EFE945 /* Default.png */; };
		89E03996148EA9C200EFE945 /* LCVicon-retina.png in Resources */ = {isa = PBXBuildFile; fileRef = 89E03995148EA9C200EFE945 /* LCVicon-retina.png */; };
		89E03998148EAA0C00EFE945 /* LCVicon.png in Resources */ = {isa = PBXBuildFile; fileRef = 89E03997148EAA0C00EFE945 /* LCVicon.png */; };
		89E0399A148EAA7500EFE945 /* LCVicon-ipad.png in Resources */ = {isa = PBXBuildFile; fileRef = 89E03999148EAA7500EFE945 /* LCVicon-ipad.png */; };
		89E500A9149A3CF90008589C /* PiecesTableViewController.m in Sources */ = {isa = PBXBuildFile; fileRef = 89E500A8149A3CF90008589C /* PiecesTableViewController.m */; };
		89E500B1149A73080008589C /* BoardTableViewController.m in Sources */ = {isa = PBXBuildFile; fileRef = 89E500B0149A73070008589C /* BoardTableViewController.m */; };
		89E500BD149A89280008589C /* icon-forward@2x.png in Resources */ = {isa = PBXBuildFile; fileRef = 89E500BC149A89280008589C /* icon-forward@2x.png */; };
		89E500BF149A8A730008589C /* icon-backward@2x.png in Resources */ = {isa = PBXBuildFile; fileRef = 89E500BE149A8A730008589C /* icon-backward@2x.png */; };
		89E500C1149A93100008589C /* icon-home@2x.png in Resources */ = {isa = PBXBuildFile; fileRef = 89E500C0149A93100008589C /* icon-home@2x.png */; };
/* End PBXBuildFile section */

/* Begin PBXFileReference section */
		8909A169149161170040188F /* testBoard.png */ = {isa = PBXFileReference; lastKnownFileType = image.png; path = testBoard.png; sourceTree = "<group>"; };
		8933A3A2149251E2006054C4 /* ActionBadgesViewController.h */ = {isa = PBXFileReference; fileEncoding = 4; lastKnownFileType = sourcecode.c.h; path = ActionBadgesViewController.h; sourceTree = "<group>"; };
		8933A3A3149251E2006054C4 /* ActionBadgesViewController.m */ = {isa = PBXFileReference; fileEncoding = 4; lastKnownFileType = sourcecode.c.objc; path = ActionBadgesViewController.m; sourceTree = "<group>"; };
		897722841496857B00B1FC50 /* button-play.png */ = {isa = PBXFileReference; lastKnownFileType = image.png; path = "button-play.png"; sourceTree = "<group>"; };
		897722851496857B00B1FC50 /* button-practice.png */ = {isa = PBXFileReference; lastKnownFileType = image.png; path = "button-practice.png"; sourceTree = "<group>"; };
		897722861496857B00B1FC50 /* button-review.png */ = {isa = PBXFileReference; lastKnownFileType = image.png; path = "button-review.png"; sourceTree = "<group>"; };
		897722871496857B00B1FC50 /* button-watch.png */ = {isa = PBXFileReference; lastKnownFileType = image.png; path = "button-watch.png"; sourceTree = "<group>"; };
		8977228D1496891700B1FC50 /* bg-red.png */ = {isa = PBXFileReference; lastKnownFileType = image.png; path = "bg-red.png"; sourceTree = "<group>"; };
		897B5CE71487D10F003EE329 /* LCV.app */ = {isa = PBXFileReference; explicitFileType = wrapper.application; includeInIndex = 0; path = LCV.app; sourceTree = BUILT_PRODUCTS_DIR; };
		897B5CEB1487D10F003EE329 /* UIKit.framework */ = {isa = PBXFileReference; lastKnownFileType = wrapper.framework; name = UIKit.framework; path = System/Library/Frameworks/UIKit.framework; sourceTree = SDKROOT; };
		897B5CED1487D10F003EE329 /* Foundation.framework */ = {isa = PBXFileReference; lastKnownFileType = wrapper.framework; name = Foundation.framework; path = System/Library/Frameworks/Foundation.framework; sourceTree = SDKROOT; };
		897B5CEF1487D10F003EE329 /* CoreGraphics.framework */ = {isa = PBXFileReference; lastKnownFileType = wrapper.framework; name = CoreGraphics.framework; path = System/Library/Frameworks/CoreGraphics.framework; sourceTree = SDKROOT; };
		897B5CF31487D10F003EE329 /* LCV-Info.plist */ = {isa = PBXFileReference; lastKnownFileType = text.plist.xml; path = "LCV-Info.plist"; sourceTree = "<group>"; };
		897B5CF51487D10F003EE329 /* en */ = {isa = PBXFileReference; lastKnownFileType = text.plist.strings; name = en; path = en.lproj/InfoPlist.strings; sourceTree = "<group>"; };
		897B5CF71487D10F003EE329 /* main.m */ = {isa = PBXFileReference; lastKnownFileType = sourcecode.c.objc; path = main.m; sourceTree = "<group>"; };
		897B5CF91487D10F003EE329 /* LCV-Prefix.pch */ = {isa = PBXFileReference; lastKnownFileType = sourcecode.c.h; path = "LCV-Prefix.pch"; sourceTree = "<group>"; };
		897B5CFA1487D10F003EE329 /* AppDelegate.h */ = {isa = PBXFileReference; lastKnownFileType = sourcecode.c.h; path = AppDelegate.h; sourceTree = "<group>"; };
		897B5CFB1487D10F003EE329 /* AppDelegate.m */ = {isa = PBXFileReference; lastKnownFileType = sourcecode.c.objc; path = AppDelegate.m; sourceTree = "<group>"; };
		897B5CFD1487D10F003EE329 /* RootViewController.h */ = {isa = PBXFileReference; lastKnownFileType = sourcecode.c.h; path = RootViewController.h; sourceTree = "<group>"; };
		897B5CFE1487D10F003EE329 /* RootViewController.m */ = {isa = PBXFileReference; lastKnownFileType = sourcecode.c.objc; path = RootViewController.m; sourceTree = "<group>"; };
		89858E7D1490504100763B8C /* LoadingView.h */ = {isa = PBXFileReference; fileEncoding = 4; lastKnownFileType = sourcecode.c.h; path = LoadingView.h; sourceTree = "<group>"; };
		89858E7E1490504100763B8C /* LoadingView.m */ = {isa = PBXFileReference; fileEncoding = 4; lastKnownFileType = sourcecode.c.objc; path = LoadingView.m; sourceTree = "<group>"; };
		899387A7148930AC006FF9DA /* MenuTableViewController.h */ = {isa = PBXFileReference; fileEncoding = 4; lastKnownFileType = sourcecode.c.h; path = MenuTableViewController.h; sourceTree = "<group>"; };
		899387A8148930AC006FF9DA /* MenuTableViewController.m */ = {isa = PBXFileReference; fileEncoding = 4; lastKnownFileType = sourcecode.c.objc; path = MenuTableViewController.m; sourceTree = "<group>"; };
		899387B7148965FB006FF9DA /* QuartzCore.framework */ = {isa = PBXFileReference; lastKnownFileType = wrapper.framework; name = QuartzCore.framework; path = System/Library/Frameworks/QuartzCore.framework; sourceTree = SDKROOT; };
		89945490148DBFC80003014A /* PracticeView.h */ = {isa = PBXFileReference; fileEncoding = 4; lastKnownFileType = sourcecode.c.h; path = PracticeView.h; sourceTree = "<group>"; };
		89945491148DBFC80003014A /* PracticeView.m */ = {isa = PBXFileReference; fileEncoding = 4; lastKnownFileType = sourcecode.c.objc; path = PracticeView.m; sourceTree = "<group>"; };
		89A34083149B863F009CAC3F /* icon-backward.png */ = {isa = PBXFileReference; lastKnownFileType = image.png; path = "icon-backward.png"; sourceTree = "<group>"; };
		89A34084149B863F009CAC3F /* icon-flip.png */ = {isa = PBXFileReference; lastKnownFileType = image.png; path = "icon-flip.png"; sourceTree = "<group>"; };
		89A34085149B8640009CAC3F /* icon-forward.png */ = {isa = PBXFileReference; lastKnownFileType = image.png; path = "icon-forward.png"; sourceTree = "<group>"; };
		89A34086149B8640009CAC3F /* icon-home.png */ = {isa = PBXFileReference; lastKnownFileType = image.png; path = "icon-home.png"; sourceTree = "<group>"; };
		89A34087149B8640009CAC3F /* icon-moves.png */ = {isa = PBXFileReference; lastKnownFileType = image.png; path = "icon-moves.png"; sourceTree = "<group>"; };
		89A34088149B8641009CAC3F /* icon-settings.png */ = {isa = PBXFileReference; lastKnownFileType = image.png; path = "icon-settings.png"; sourceTree = "<group>"; };
		89A3408F149B86DF009CAC3F /* icon-menu.png */ = {isa = PBXFileReference; lastKnownFileType = image.png; path = "icon-menu.png"; sourceTree = "<group>"; };
		89A34090149B86DF009CAC3F /* icon-moves@2x.png */ = {isa = PBXFileReference; lastKnownFileType = image.png; path = "icon-moves@2x.png"; sourceTree = "<group>"; };
		89A34091149B86DF009CAC3F /* icon-settings@2x.png */ = {isa = PBXFileReference; lastKnownFileType = image.png; path = "icon-settings@2x.png"; sourceTree = "<group>"; };
		89C3108B14880D4D00DFAADC /* SettingsTableViewController.h */ = {isa = PBXFileReference; fileEncoding = 4; lastKnownFileType = sourcecode.c.h; path = SettingsTableViewController.h; sourceTree = "<group>"; };
		89C3108C14880D4D00DFAADC /* SettingsTableViewController.m */ = {isa = PBXFileReference; fileEncoding = 4; lastKnownFileType = sourcecode.c.objc; path = SettingsTableViewController.m; sourceTree = "<group>"; };
		89C31090148822A800DFAADC /* BoardImageView.h */ = {isa = PBXFileReference; fileEncoding = 4; lastKnownFileType = sourcecode.c.h; path = BoardImageView.h; sourceTree = "<group>"; };
		89C31091148822A800DFAADC /* BoardImageView.m */ = {isa = PBXFileReference; fileEncoding = 4; lastKnownFileType = sourcecode.c.objc; path = BoardImageView.m; sourceTree = "<group>"; };
		89C31092148822A800DFAADC /* BoardView.h */ = {isa = PBXFileReference; fileEncoding = 4; lastKnownFileType = sourcecode.c.h; path = BoardView.h; sourceTree = "<group>"; };
		89C31093148822A800DFAADC /* BoardView.m */ = {isa = PBXFileReference; fileEncoding = 4; lastKnownFileType = sourcecode.c.objc; path = BoardView.m; sourceTree = "<group>"; };
		89C31094148822A800DFAADC /* BoardViewController.h */ = {isa = PBXFileReference; fileEncoding = 4; lastKnownFileType = sourcecode.c.h; path = BoardViewController.h; sourceTree = "<group>"; };
		89C31095148822A800DFAADC /* BoardViewController.m */ = {isa = PBXFileReference; fileEncoding = 4; lastKnownFileType = sourcecode.c.objc; path = BoardViewController.m; sourceTree = "<group>"; };
		89C31096148822A800DFAADC /* CurrentGamesViewController.h */ = {isa = PBXFileReference; fileEncoding = 4; lastKnownFileType = sourcecode.c.h; path = CurrentGamesViewController.h; sourceTree = "<group>"; };
		89C31097148822A800DFAADC /* CurrentGamesViewController.m */ = {isa = PBXFileReference; fileEncoding = 4; lastKnownFileType = sourcecode.c.objc; path = CurrentGamesViewController.m; sourceTree = "<group>"; };
		89C31098148822A800DFAADC /* Definitions.h */ = {isa = PBXFileReference; fileEncoding = 4; lastKnownFileType = sourcecode.c.h; path = Definitions.h; sourceTree = "<group>"; };
		89C31099148822A900DFAADC /* Move.h */ = {isa = PBXFileReference; fileEncoding = 4; lastKnownFileType = sourcecode.c.h; path = Move.h; sourceTree = "<group>"; };
		89C3109A148822A900DFAADC /* Move.m */ = {isa = PBXFileReference; fileEncoding = 4; lastKnownFileType = sourcecode.c.objc; path = Move.m; sourceTree = "<group>"; };
		89C3109B148822A900DFAADC /* MoveListView.h */ = {isa = PBXFileReference; fileEncoding = 4; lastKnownFileType = sourcecode.c.h; path = MoveListView.h; sourceTree = "<group>"; };
		89C3109C148822A900DFAADC /* MoveListView.m */ = {isa = PBXFileReference; fileEncoding = 4; lastKnownFileType = sourcecode.c.objc; path = MoveListView.m; sourceTree = "<group>"; };
		89C3109D148822A900DFAADC /* PieceImageView.h */ = {isa = PBXFileReference; fileEncoding = 4; lastKnownFileType = sourcecode.c.h; path = PieceImageView.h; sourceTree = "<group>"; };
		89C3109E148822A900DFAADC /* PieceImageView.m */ = {isa = PBXFileReference; fileEncoding = 4; lastKnownFileType = sourcecode.c.objc; path = PieceImageView.m; sourceTree = "<group>"; };
		89C3109F148822A900DFAADC /* StreamController.h */ = {isa = PBXFileReference; fileEncoding = 4; lastKnownFileType = sourcecode.c.h; path = StreamController.h; sourceTree = "<group>"; };
		89C310A0148822A900DFAADC /* StreamController.m */ = {isa = PBXFileReference; fileEncoding = 4; lastKnownFileType = sourcecode.c.objc; path = StreamController.m; sourceTree = "<group>"; };
		89C310A91488237100DFAADC /* AudioToolbox.framework */ = {isa = PBXFileReference; lastKnownFileType = wrapper.framework; name = AudioToolbox.framework; path = System/Library/Frameworks/AudioToolbox.framework; sourceTree = SDKROOT; };
		89C310AB148824B900DFAADC /* MessageUI.framework */ = {isa = PBXFileReference; lastKnownFileType = wrapper.framework; name = MessageUI.framework; path = System/Library/Frameworks/MessageUI.framework; sourceTree = SDKROOT; };
		89CD84061489D33600649DBA /* PracticeViewController.h */ = {isa = PBXFileReference; fileEncoding = 4; lastKnownFileType = sourcecode.c.h; path = PracticeViewController.h; sourceTree = "<group>"; };
		89CD84071489D33600649DBA /* PracticeViewController.m */ = {isa = PBXFileReference; fileEncoding = 4; lastKnownFileType = sourcecode.c.objc; path = PracticeViewController.m; sourceTree = "<group>"; };
		89CD840C148A50CC00649DBA /* Model.xcdatamodel */ = {isa = PBXFileReference; lastKnownFileType = wrapper.xcdatamodel; path = Model.xcdatamodel; sourceTree = "<group>"; };
		89CD840F148AE77A00649DBA /* KeychainWrapper.h */ = {isa = PBXFileReference; fileEncoding = 4; lastKnownFileType = sourcecode.c.h; path = KeychainWrapper.h; sourceTree = "<group>"; };
		89CD8410148AE77A00649DBA /* KeychainWrapper.m */ = {isa = PBXFileReference; fileEncoding = 4; lastKnownFileType = sourcecode.c.objc; path = KeychainWrapper.m; sourceTree = "<group>"; };
		89CD8412148AECBF00649DBA /* Security.framework */ = {isa = PBXFileReference; lastKnownFileType = wrapper.framework; name = Security.framework; path = System/Library/Frameworks/Security.framework; sourceTree = SDKROOT; };
		89CD8422148AFC0C00649DBA /* backward-icon.png */ = {isa = PBXFileReference; lastKnownFileType = image.png; path = "backward-icon.png"; sourceTree = "<group>"; };
		89CD8423148AFC0C00649DBA /* bg.png */ = {isa = PBXFileReference; lastKnownFileType = image.png; path = bg.png; sourceTree = "<group>"; };
		89CD8424148AFC0C00649DBA /* board-icon.png */ = {isa = PBXFileReference; lastKnownFileType = image.png; path = "board-icon.png"; sourceTree = "<group>"; };
		89CD8425148AFC0C00649DBA /* board_paper.png */ = {isa = PBXFileReference; lastKnownFileType = image.png; path = board_paper.png; sourceTree = "<group>"; };
		89CD8426148AFC0C00649DBA /* board_pinstripes.png */ = {isa = PBXFileReference; lastKnownFileType = image.png; path = board_pinstripes.png; sourceTree = "<group>"; };
		89CD8427148AFC0C00649DBA /* board_plain.png */ = {isa = PBXFileReference; lastKnownFileType = image.png; path = board_plain.png; sourceTree = "<group>"; };
		89CD8428148AFC0C00649DBA /* board_wood_dark.png */ = {isa = PBXFileReference; lastKnownFileType = image.png; path = board_wood_dark.png; sourceTree = "<group>"; };
		89CD8429148AFC0C00649DBA /* board_wood_light.png */ = {isa = PBXFileReference; lastKnownFileType = image.png; path = board_wood_light.png; sourceTree = "<group>"; };
		89CD842A148AFC0C00649DBA /* email-icon.png */ = {isa = PBXFileReference; lastKnownFileType = image.png; path = "email-icon.png"; sourceTree = "<group>"; };
		89CD842B148AFC0C00649DBA /* icon-flip@2x.png */ = {isa = PBXFileReference; lastKnownFileType = image.png; path = "icon-flip@2x.png"; sourceTree = "<group>"; };
		89CD842C148AFC0C00649DBA /* forward-icon.png */ = {isa = PBXFileReference; lastKnownFileType = image.png; path = "forward-icon.png"; sourceTree = "<group>"; };
		89CD842D148AFC0C00649DBA /* games-icon.png */ = {isa = PBXFileReference; lastKnownFileType = image.png; path = "games-icon.png"; sourceTree = "<group>"; };
		89CD842E148AFC0C00649DBA /* info-icon.png */ = {isa = PBXFileReference; lastKnownFileType = image.png; path = "info-icon.png"; sourceTree = "<group>"; };
		89CD8431148AFC0C00649DBA /* alpha_bb.png */ = {isa = PBXFileReference; lastKnownFileType = image.png; path = alpha_bb.png; sourceTree = "<group>"; };
		89CD8432148AFC0C00649DBA /* alpha_bk.png */ = {isa = PBXFileReference; lastKnownFileType = image.png; path = alpha_bk.png; sourceTree = "<group>"; };
		89CD8433148AFC0C00649DBA /* alpha_bn.png */ = {isa = PBXFileReference; lastKnownFileType = image.png; path = alpha_bn.png; sourceTree = "<group>"; };
		89CD8434148AFC0C00649DBA /* alpha_bp.png */ = {isa = PBXFileReference; lastKnownFileType = image.png; path = alpha_bp.png; sourceTree = "<group>"; };
		89CD8435148AFC0C00649DBA /* alpha_bq.png */ = {isa = PBXFileReference; lastKnownFileType = image.png; path = alpha_bq.png; sourceTree = "<group>"; };
		89CD8436148AFC0C00649DBA /* alpha_br.png */ = {isa = PBXFileReference; lastKnownFileType = image.png; path = alpha_br.png; sourceTree = "<group>"; };
		89CD8437148AFC0C00649DBA /* alpha_wb.png */ = {isa = PBXFileReference; lastKnownFileType = image.png; path = alpha_wb.png; sourceTree = "<group>"; };
		89CD8438148AFC0C00649DBA /* alpha_wk.png */ = {isa = PBXFileReference; lastKnownFileType = image.png; path = alpha_wk.png; sourceTree = "<group>"; };
		89CD8439148AFC0C00649DBA /* alpha_wn.png */ = {isa = PBXFileReference; lastKnownFileType = image.png; path = alpha_wn.png; sourceTree = "<group>"; };
		89CD843A148AFC0C00649DBA /* alpha_wp.png */ = {isa = PBXFileReference; lastKnownFileType = image.png; path = alpha_wp.png; sourceTree = "<group>"; };
		89CD843B148AFC0C00649DBA /* alpha_wq.png */ = {isa = PBXFileReference; lastKnownFileType = image.png; path = alpha_wq.png; sourceTree = "<group>"; };
		89CD843C148AFC0C00649DBA /* alpha_wr.png */ = {isa = PBXFileReference; lastKnownFileType = image.png; path = alpha_wr.png; sourceTree = "<group>"; };
		89CD843E148AFC0C00649DBA /* line_bb.png */ = {isa = PBXFileReference; lastKnownFileType = image.png; path = line_bb.png; sourceTree = "<group>"; };
		89CD843F148AFC0C00649DBA /* line_bk.png */ = {isa = PBXFileReference; lastKnownFileType = image.png; path = line_bk.png; sourceTree = "<group>"; };
		89CD8440148AFC0C00649DBA /* line_bn.png */ = {isa = PBXFileReference; lastKnownFileType = image.png; path = line_bn.png; sourceTree = "<group>"; };
		89CD8441148AFC0C00649DBA /* line_bp.png */ = {isa = PBXFileReference; lastKnownFileType = image.png; path = line_bp.png; sourceTree = "<group>"; };
		89CD8442148AFC0C00649DBA /* line_bq.png */ = {isa = PBXFileReference; lastKnownFileType = image.png; path = line_bq.png; sourceTree = "<group>"; };
		89CD8443148AFC0C00649DBA /* line_br.png */ = {isa = PBXFileReference; lastKnownFileType = image.png; path = line_br.png; sourceTree = "<group>"; };
		89CD8444148AFC0C00649DBA /* line_wb.png */ = {isa = PBXFileReference; lastKnownFileType = image.png; path = line_wb.png; sourceTree = "<group>"; };
		89CD8445148AFC0C00649DBA /* line_wk.png */ = {isa = PBXFileReference; lastKnownFileType = image.png; path = line_wk.png; sourceTree = "<group>"; };
		89CD8446148AFC0C00649DBA /* line_wn.png */ = {isa = PBXFileReference; lastKnownFileType = image.png; path = line_wn.png; sourceTree = "<group>"; };
		89CD8447148AFC0C00649DBA /* line_wp.png */ = {isa = PBXFileReference; lastKnownFileType = image.png; path = line_wp.png; sourceTree = "<group>"; };
		89CD8448148AFC0C00649DBA /* line_wq.png */ = {isa = PBXFileReference; lastKnownFileType = image.png; path = line_wq.png; sourceTree = "<group>"; };
		89CD8449148AFC0C00649DBA /* line_wr.png */ = {isa = PBXFileReference; lastKnownFileType = image.png; path = line_wr.png; sourceTree = "<group>"; };
		89CD844B148AFC0C00649DBA /* magnetic_bb.png */ = {isa = PBXFileReference; lastKnownFileType = image.png; path = magnetic_bb.png; sourceTree = "<group>"; };
		89CD844C148AFC0C00649DBA /* magnetic_bk.png */ = {isa = PBXFileReference; lastKnownFileType = image.png; path = magnetic_bk.png; sourceTree = "<group>"; };
		89CD844D148AFC0C00649DBA /* magnetic_bn.png */ = {isa = PBXFileReference; lastKnownFileType = image.png; path = magnetic_bn.png; sourceTree = "<group>"; };
		89CD844E148AFC0C00649DBA /* magnetic_bp.png */ = {isa = PBXFileReference; lastKnownFileType = image.png; path = magnetic_bp.png; sourceTree = "<group>"; };
		89CD844F148AFC0C00649DBA /* magnetic_bq.png */ = {isa = PBXFileReference; lastKnownFileType = image.png; path = magnetic_bq.png; sourceTree = "<group>"; };
		89CD8450148AFC0C00649DBA /* magnetic_br.png */ = {isa = PBXFileReference; lastKnownFileType = image.png; path = magnetic_br.png; sourceTree = "<group>"; };
		89CD8451148AFC0C00649DBA /* magnetic_wb.png */ = {isa = PBXFileReference; lastKnownFileType = image.png; path = magnetic_wb.png; sourceTree = "<group>"; };
		89CD8452148AFC0C00649DBA /* magnetic_wk.png */ = {isa = PBXFileReference; lastKnownFileType = image.png; path = magnetic_wk.png; sourceTree = "<group>"; };
		89CD8453148AFC0C00649DBA /* magnetic_wn.png */ = {isa = PBXFileReference; lastKnownFileType = image.png; path = magnetic_wn.png; sourceTree = "<group>"; };
		89CD8454148AFC0C00649DBA /* magnetic_wp.png */ = {isa = PBXFileReference; lastKnownFileType = image.png; path = magnetic_wp.png; sourceTree = "<group>"; };
		89CD8455148AFC0C00649DBA /* magnetic_wq.png */ = {isa = PBXFileReference; lastKnownFileType = image.png; path = magnetic_wq.png; sourceTree = "<group>"; };
		89CD8456148AFC0C00649DBA /* magnetic_wr.png */ = {isa = PBXFileReference; lastKnownFileType = image.png; path = magnetic_wr.png; sourceTree = "<group>"; };
		89CD8458148AFC0C00649DBA /* mark_bb.png */ = {isa = PBXFileReference; lastKnownFileType = image.png; path = mark_bb.png; sourceTree = "<group>"; };
		89CD8459148AFC0C00649DBA /* mark_bk.png */ = {isa = PBXFileReference; lastKnownFileType = image.png; path = mark_bk.png; sourceTree = "<group>"; };
		89CD845A148AFC0C00649DBA /* mark_bn.png */ = {isa = PBXFileReference; lastKnownFileType = image.png; path = mark_bn.png; sourceTree = "<group>"; };
		89CD845B148AFC0C00649DBA /* mark_bp.png */ = {isa = PBXFileReference; lastKnownFileType = image.png; path = mark_bp.png; sourceTree = "<group>"; };
		89CD845C148AFC0C00649DBA /* mark_bq.png */ = {isa = PBXFileReference; lastKnownFileType = image.png; path = mark_bq.png; sourceTree = "<group>"; };
		89CD845D148AFC0C00649DBA /* mark_br.png */ = {isa = PBXFileReference; lastKnownFileType = image.png; path = mark_br.png; sourceTree = "<group>"; };
		89CD845E148AFC0C00649DBA /* mark_wb.png */ = {isa = PBXFileReference; lastKnownFileType = image.png; path = mark_wb.png; sourceTree = "<group>"; };
		89CD845F148AFC0C00649DBA /* mark_wk.png */ = {isa = PBXFileReference; lastKnownFileType = image.png; path = mark_wk.png; sourceTree = "<group>"; };
		89CD8460148AFC0C00649DBA /* mark_wn.png */ = {isa = PBXFileReference; lastKnownFileType = image.png; path = mark_wn.png; sourceTree = "<group>"; };
		89CD8461148AFC0C00649DBA /* mark_wp.png */ = {isa = PBXFileReference; lastKnownFileType = image.png; path = mark_wp.png; sourceTree = "<group>"; };
		89CD8462148AFC0C00649DBA /* mark_wq.png */ = {isa = PBXFileReference; lastKnownFileType = image.png; path = mark_wq.png; sourceTree = "<group>"; };
		89CD8463148AFC0C00649DBA /* mark_wr.png */ = {isa = PBXFileReference; lastKnownFileType = image.png; path = mark_wr.png; sourceTree = "<group>"; };
		89CD8465148AFC0C00649DBA /* motif_bb.png */ = {isa = PBXFileReference; lastKnownFileType = image.png; path = motif_bb.png; sourceTree = "<group>"; };
		89CD8466148AFC0C00649DBA /* motif_bk.png */ = {isa = PBXFileReference; lastKnownFileType = image.png; path = motif_bk.png; sourceTree = "<group>"; };
		89CD8467148AFC0C00649DBA /* motif_bn.png */ = {isa = PBXFileReference; lastKnownFileType = image.png; path = motif_bn.png; sourceTree = "<group>"; };
		89CD8468148AFC0C00649DBA /* motif_bp.png */ = {isa = PBXFileReference; lastKnownFileType = image.png; path = motif_bp.png; sourceTree = "<group>"; };
		89CD8469148AFC0C00649DBA /* motif_bq.png */ = {isa = PBXFileReference; lastKnownFileType = image.png; path = motif_bq.png; sourceTree = "<group>"; };
		89CD846A148AFC0C00649DBA /* motif_br.png */ = {isa = PBXFileReference; lastKnownFileType = image.png; path = motif_br.png; sourceTree = "<group>"; };
		89CD846B148AFC0C00649DBA /* motif_wb.png */ = {isa = PBXFileReference; lastKnownFileType = image.png; path = motif_wb.png; sourceTree = "<group>"; };
		89CD846C148AFC0C00649DBA /* motif_wk.png */ = {isa = PBXFileReference; lastKnownFileType = image.png; path = motif_wk.png; sourceTree = "<group>"; };
		89CD846D148AFC0C00649DBA /* motif_wn.png */ = {isa = PBXFileReference; lastKnownFileType = image.png; path = motif_wn.png; sourceTree = "<group>"; };
		89CD846E148AFC0C00649DBA /* motif_wp.png */ = {isa = PBXFileReference; lastKnownFileType = image.png; path = motif_wp.png; sourceTree = "<group>"; };
		89CD846F148AFC0C00649DBA /* motif_wq.png */ = {isa = PBXFileReference; lastKnownFileType = image.png; path = motif_wq.png; sourceTree = "<group>"; };
		89CD8470148AFC0C00649DBA /* motif_wr.png */ = {isa = PBXFileReference; lastKnownFileType = image.png; path = motif_wr.png; sourceTree = "<group>"; };
		89CD8472148AFC0C00649DBA /* usual_bb.png */ = {isa = PBXFileReference; lastKnownFileType = image.png; path = usual_bb.png; sourceTree = "<group>"; };
		89CD8473148AFC0C00649DBA /* usual_bk.png */ = {isa = PBXFileReference; lastKnownFileType = image.png; path = usual_bk.png; sourceTree = "<group>"; };
		89CD8474148AFC0C00649DBA /* usual_bn.png */ = {isa = PBXFileReference; lastKnownFileType = image.png; path = usual_bn.png; sourceTree = "<group>"; };
		89CD8475148AFC0C00649DBA /* usual_bp.png */ = {isa = PBXFileReference; lastKnownFileType = image.png; path = usual_bp.png; sourceTree = "<group>"; };
		89CD8476148AFC0C00649DBA /* usual_bq.png */ = {isa = PBXFileReference; lastKnownFileType = image.png; path = usual_bq.png; sourceTree = "<group>"; };
		89CD8477148AFC0C00649DBA /* usual_br.png */ = {isa = PBXFileReference; lastKnownFileType = image.png; path = usual_br.png; sourceTree = "<group>"; };
		89CD8478148AFC0C00649DBA /* usual_wb.png */ = {isa = PBXFileReference; lastKnownFileType = image.png; path = usual_wb.png; sourceTree = "<group>"; };
		89CD8479148AFC0C00649DBA /* usual_wk.png */ = {isa = PBXFileReference; lastKnownFileType = image.png; path = usual_wk.png; sourceTree = "<group>"; };
		89CD847A148AFC0C00649DBA /* usual_wn.png */ = {isa = PBXFileReference; lastKnownFileType = image.png; path = usual_wn.png; sourceTree = "<group>"; };
		89CD847B148AFC0C00649DBA /* usual_wp.png */ = {isa = PBXFileReference; lastKnownFileType = image.png; path = usual_wp.png; sourceTree = "<group>"; };
		89CD847C148AFC0C00649DBA /* usual_wq.png */ = {isa = PBXFileReference; lastKnownFileType = image.png; path = usual_wq.png; sourceTree = "<group>"; };
		89CD847D148AFC0C00649DBA /* usual_wr.png */ = {isa = PBXFileReference; lastKnownFileType = image.png; path = usual_wr.png; sourceTree = "<group>"; };
		89CD847F148AFC0C00649DBA /* utrecht_bb.png */ = {isa = PBXFileReference; lastKnownFileType = image.png; path = utrecht_bb.png; sourceTree = "<group>"; };
		89CD8480148AFC0C00649DBA /* utrecht_bk.png */ = {isa = PBXFileReference; lastKnownFileType = image.png; path = utrecht_bk.png; sourceTree = "<group>"; };
		89CD8481148AFC0C00649DBA /* utrecht_bn.png */ = {isa = PBXFileReference; lastKnownFileType = image.png; path = utrecht_bn.png; sourceTree = "<group>"; };
		89CD8482148AFC0C00649DBA /* utrecht_bp.png */ = {isa = PBXFileReference; lastKnownFileType = image.png; path = utrecht_bp.png; sourceTree = "<group>"; };
		89CD8483148AFC0C00649DBA /* utrecht_bq.png */ = {isa = PBXFileReference; lastKnownFileType = image.png; path = utrecht_bq.png; sourceTree = "<group>"; };
		89CD8484148AFC0C00649DBA /* utrecht_br.png */ = {isa = PBXFileReference; lastKnownFileType = image.png; path = utrecht_br.png; sourceTree = "<group>"; };
		89CD8485148AFC0C00649DBA /* utrecht_wb.png */ = {isa = PBXFileReference; lastKnownFileType = image.png; path = utrecht_wb.png; sourceTree = "<group>"; };
		89CD8486148AFC0C00649DBA /* utrecht_wk.png */ = {isa = PBXFileReference; lastKnownFileType = image.png; path = utrecht_wk.png; sourceTree = "<group>"; };
		89CD8487148AFC0C00649DBA /* utrecht_wn.png */ = {isa = PBXFileReference; lastKnownFileType = image.png; path = utrecht_wn.png; sourceTree = "<group>"; };
		89CD8488148AFC0C00649DBA /* utrecht_wp.png */ = {isa = PBXFileReference; lastKnownFileType = image.png; path = utrecht_wp.png; sourceTree = "<group>"; };
		89CD8489148AFC0C00649DBA /* utrecht_wq.png */ = {isa = PBXFileReference; lastKnownFileType = image.png; path = utrecht_wq.png; sourceTree = "<group>"; };
		89CD848A148AFC0C00649DBA /* utrecht_wr.png */ = {isa = PBXFileReference; lastKnownFileType = image.png; path = utrecht_wr.png; sourceTree = "<group>"; };
		89CD848B148AFC0C00649DBA /* pixelsift.png */ = {isa = PBXFileReference; lastKnownFileType = image.png; path = pixelsift.png; sourceTree = "<group>"; };
		89CD848C148AFC0C00649DBA /* refresh-icon.png */ = {isa = PBXFileReference; lastKnownFileType = image.png; path = "refresh-icon.png"; sourceTree = "<group>"; };
		89E0398F148EA2E900EFE945 /* Default-Landscape~ipad.png */ = {isa = PBXFileReference; lastKnownFileType = image.png; name = "Default-Landscape~ipad.png"; path = "../../Default-Landscape~ipad.png"; sourceTree = "<group>"; };
		89E03991148EA4C800EFE945 /* Default@2x.png */ = {isa = PBXFileReference; lastKnownFileType = image.png; name = "Default@2x.png"; path = "../../Default@2x.png"; sourceTree = "<group>"; };
		89E03993148EA54600EFE945 /* Default.png */ = {isa = PBXFileReference; lastKnownFileType = image.png; name = Default.png; path = ../../Default.png; sourceTree = "<group>"; };
		89E03995148EA9C200EFE945 /* LCVicon-retina.png */ = {isa = PBXFileReference; lastKnownFileType = image.png; name = "LCVicon-retina.png"; path = "../../LCVicon-retina.png"; sourceTree = "<group>"; };
		89E03997148EAA0C00EFE945 /* LCVicon.png */ = {isa = PBXFileReference; lastKnownFileType = image.png; name = LCVicon.png; path = ../../LCVicon.png; sourceTree = "<group>"; };
		89E03999148EAA7500EFE945 /* LCVicon-ipad.png */ = {isa = PBXFileReference; lastKnownFileType = image.png; name = "LCVicon-ipad.png"; path = "../../LCVicon-ipad.png"; sourceTree = "<group>"; };
		89E500A7149A3CF90008589C /* PiecesTableViewController.h */ = {isa = PBXFileReference; fileEncoding = 4; lastKnownFileType = sourcecode.c.h; path = PiecesTableViewController.h; sourceTree = "<group>"; };
		89E500A8149A3CF90008589C /* PiecesTableViewController.m */ = {isa = PBXFileReference; fileEncoding = 4; lastKnownFileType = sourcecode.c.objc; path = PiecesTableViewController.m; sourceTree = "<group>"; };
		89E500AF149A73070008589C /* BoardTableViewController.h */ = {isa = PBXFileReference; fileEncoding = 4; lastKnownFileType = sourcecode.c.h; path = BoardTableViewController.h; sourceTree = "<group>"; };
		89E500B0149A73070008589C /* BoardTableViewController.m */ = {isa = PBXFileReference; fileEncoding = 4; lastKnownFileType = sourcecode.c.objc; path = BoardTableViewController.m; sourceTree = "<group>"; };
		89E500BC149A89280008589C /* icon-forward@2x.png */ = {isa = PBXFileReference; lastKnownFileType = image.png; path = "icon-forward@2x.png"; sourceTree = "<group>"; };
		89E500BE149A8A730008589C /* icon-backward@2x.png */ = {isa = PBXFileReference; lastKnownFileType = image.png; path = "icon-backward@2x.png"; sourceTree = "<group>"; };
		89E500C0149A93100008589C /* icon-home@2x.png */ = {isa = PBXFileReference; lastKnownFileType = image.png; path = "icon-home@2x.png"; sourceTree = "<group>"; };
/* End PBXFileReference section */

/* Begin PBXFrameworksBuildPhase section */
		897B5CE41487D10F003EE329 /* Frameworks */ = {
			isa = PBXFrameworksBuildPhase;
			buildActionMask = 2147483647;
			files = (
				89CD8414148AECD400649DBA /* Security.framework in Frameworks */,
				899387B91489661C006FF9DA /* QuartzCore.framework in Frameworks */,
				89C310AC148824B900DFAADC /* MessageUI.framework in Frameworks */,
				89C310AA1488237100DFAADC /* AudioToolbox.framework in Frameworks */,
				897B5CEC1487D10F003EE329 /* UIKit.framework in Frameworks */,
				897B5CEE1487D10F003EE329 /* Foundation.framework in Frameworks */,
				897B5CF01487D10F003EE329 /* CoreGraphics.framework in Frameworks */,
			);
			runOnlyForDeploymentPostprocessing = 0;
		};
/* End PBXFrameworksBuildPhase section */

/* Begin PBXGroup section */
		897B5CDC1487D10F003EE329 = {
			isa = PBXGroup;
			children = (
				897B5CF11487D10F003EE329 /* LCV */,
				897B5CEA1487D10F003EE329 /* Frameworks */,
				897B5CE81487D10F003EE329 /* Products */,
			);
			sourceTree = "<group>";
		};
		897B5CE81487D10F003EE329 /* Products */ = {
			isa = PBXGroup;
			children = (
				897B5CE71487D10F003EE329 /* LCV.app */,
			);
			name = Products;
			sourceTree = "<group>";
		};
		897B5CEA1487D10F003EE329 /* Frameworks */ = {
			isa = PBXGroup;
			children = (
				89CD8412148AECBF00649DBA /* Security.framework */,
				899387B7148965FB006FF9DA /* QuartzCore.framework */,
				89C310AB148824B900DFAADC /* MessageUI.framework */,
				89C310A91488237100DFAADC /* AudioToolbox.framework */,
				897B5CEB1487D10F003EE329 /* UIKit.framework */,
				897B5CED1487D10F003EE329 /* Foundation.framework */,
				897B5CEF1487D10F003EE329 /* CoreGraphics.framework */,
			);
			name = Frameworks;
			sourceTree = "<group>";
		};
		897B5CF11487D10F003EE329 /* LCV */ = {
			isa = PBXGroup;
			children = (
				897B5CFA1487D10F003EE329 /* AppDelegate.h */,
				897B5CFB1487D10F003EE329 /* AppDelegate.m */,
				897B5CFD1487D10F003EE329 /* RootViewController.h */,
				897B5CFE1487D10F003EE329 /* RootViewController.m */,
				89858E7D1490504100763B8C /* LoadingView.h */,
				89858E7E1490504100763B8C /* LoadingView.m */,
				8933A3A2149251E2006054C4 /* ActionBadgesViewController.h */,
				8933A3A3149251E2006054C4 /* ActionBadgesViewController.m */,
				89CD840F148AE77A00649DBA /* KeychainWrapper.h */,
				89CD8410148AE77A00649DBA /* KeychainWrapper.m */,
				89C31090148822A800DFAADC /* BoardImageView.h */,
				89C31091148822A800DFAADC /* BoardImageView.m */,
				89CD840E148A50D500649DBA /* Core Data */,
				89896BA814992D9D00AA27B8 /* Watching */,
				89CD840A1489D34500649DBA /* Practice */,
				89CD8421148AFC0C00649DBA /* images */,
				89C31096148822A800DFAADC /* CurrentGamesViewController.h */,
				89C31097148822A800DFAADC /* CurrentGamesViewController.m */,
				89C31098148822A800DFAADC /* Definitions.h */,
				89C31099148822A900DFAADC /* Move.h */,
				89C3109A148822A900DFAADC /* Move.m */,
				89C3109B148822A900DFAADC /* MoveListView.h */,
				89C3109C148822A900DFAADC /* MoveListView.m */,
				89C3109D148822A900DFAADC /* PieceImageView.h */,
				89C3109E148822A900DFAADC /* PieceImageView.m */,
				899387AA148930B1006FF9DA /* Menu */,
				89C3109F148822A900DFAADC /* StreamController.h */,
				89C310A0148822A900DFAADC /* StreamController.m */,
				89C3108B14880D4D00DFAADC /* SettingsTableViewController.h */,
				89C3108C14880D4D00DFAADC /* SettingsTableViewController.m */,
				897B5CF21487D10F003EE329 /* Supporting Files */,
			);
			path = LCV;
			sourceTree = "<group>";
		};
		897B5CF21487D10F003EE329 /* Supporting Files */ = {
			isa = PBXGroup;
			children = (
				897B5CF31487D10F003EE329 /* LCV-Info.plist */,
				897B5CF41487D10F003EE329 /* InfoPlist.strings */,
				897B5CF71487D10F003EE329 /* main.m */,
				897B5CF91487D10F003EE329 /* LCV-Prefix.pch */,
			);
			name = "Supporting Files";
			sourceTree = "<group>";
		};
		89896BA814992D9D00AA27B8 /* Watching */ = {
			isa = PBXGroup;
			children = (
				89C31092148822A800DFAADC /* BoardView.h */,
				89C31093148822A800DFAADC /* BoardView.m */,
				89C31094148822A800DFAADC /* BoardViewController.h */,
				89C31095148822A800DFAADC /* BoardViewController.m */,
			);
			name = Watching;
			sourceTree = "<group>";
		};
		899387AA148930B1006FF9DA /* Menu */ = {
			isa = PBXGroup;
			children = (
				899387A7148930AC006FF9DA /* MenuTableViewController.h */,
				899387A8148930AC006FF9DA /* MenuTableViewController.m */,
				89E500A7149A3CF90008589C /* PiecesTableViewController.h */,
				89E500A8149A3CF90008589C /* PiecesTableViewController.m */,
				89E500AF149A73070008589C /* BoardTableViewController.h */,
				89E500B0149A73070008589C /* BoardTableViewController.m */,
			);
			name = Menu;
			sourceTree = "<group>";
		};
		89CD840A1489D34500649DBA /* Practice */ = {
			isa = PBXGroup;
			children = (
				89945490148DBFC80003014A /* PracticeView.h */,
				89945491148DBFC80003014A /* PracticeView.m */,
				89CD84061489D33600649DBA /* PracticeViewController.h */,
				89CD84071489D33600649DBA /* PracticeViewController.m */,
			);
			name = Practice;
			sourceTree = "<group>";
		};
		89CD840E148A50D500649DBA /* Core Data */ = {
			isa = PBXGroup;
			children = (
				89CD840B148A50CC00649DBA /* Model.xcdatamodeld */,
			);
			name = "Core Data";
			sourceTree = "<group>";
		};
		89CD8421148AFC0C00649DBA /* images */ = {
			isa = PBXGroup;
			children = (
				89E500C0149A93100008589C /* icon-home@2x.png */,
				897722841496857B00B1FC50 /* button-play.png */,
				8977228D1496891700B1FC50 /* bg-red.png */,
				897722851496857B00B1FC50 /* button-practice.png */,
				897722861496857B00B1FC50 /* button-review.png */,
				897722871496857B00B1FC50 /* button-watch.png */,
				8909A169149161170040188F /* testBoard.png */,
				89A34083149B863F009CAC3F /* icon-backward.png */,
				89A34084149B863F009CAC3F /* icon-flip.png */,
				89A3408F149B86DF009CAC3F /* icon-menu.png */,
				89A34090149B86DF009CAC3F /* icon-moves@2x.png */,
				89A34091149B86DF009CAC3F /* icon-settings@2x.png */,
				89A34085149B8640009CAC3F /* icon-forward.png */,
				89A34086149B8640009CAC3F /* icon-home.png */,
				89A34087149B8640009CAC3F /* icon-moves.png */,
				89A34088149B8641009CAC3F /* icon-settings.png */,
				89E03999148EAA7500EFE945 /* LCVicon-ipad.png */,
				89E03997148EAA0C00EFE945 /* LCVicon.png */,
				89E03995148EA9C200EFE945 /* LCVicon-retina.png */,
				89E03993148EA54600EFE945 /* Default.png */,
				89E03991148EA4C800EFE945 /* Default@2x.png */,
				89E0398F148EA2E900EFE945 /* Default-Landscape~ipad.png */,
				89CD8422148AFC0C00649DBA /* backward-icon.png */,
				89E500BC149A89280008589C /* icon-forward@2x.png */,
				89E500BE149A8A730008589C /* icon-backward@2x.png */,
				89CD8423148AFC0C00649DBA /* bg.png */,
				89CD8424148AFC0C00649DBA /* board-icon.png */,
				89CD8425148AFC0C00649DBA /* board_paper.png */,
				89CD8426148AFC0C00649DBA /* board_pinstripes.png */,
				89CD8427148AFC0C00649DBA /* board_plain.png */,
				89CD8428148AFC0C00649DBA /* board_wood_dark.png */,
				89CD8429148AFC0C00649DBA /* board_wood_light.png */,
				89CD842A148AFC0C00649DBA /* email-icon.png */,
				89CD842B148AFC0C00649DBA /* icon-flip@2x.png */,
				89CD842C148AFC0C00649DBA /* forward-icon.png */,
				89CD842D148AFC0C00649DBA /* games-icon.png */,
				89CD842E148AFC0C00649DBA /* info-icon.png */,
				89CD842F148AFC0C00649DBA /* pieces */,
				89CD848B148AFC0C00649DBA /* pixelsift.png */,
				89CD848C148AFC0C00649DBA /* refresh-icon.png */,
			);
			path = images;
			sourceTree = "<group>";
		};
		89CD842F148AFC0C00649DBA /* pieces */ = {
			isa = PBXGroup;
			children = (
				89CD8430148AFC0C00649DBA /* alpha */,
				89CD843D148AFC0C00649DBA /* line */,
				89CD844A148AFC0C00649DBA /* magnetic */,
				89CD8457148AFC0C00649DBA /* mark */,
				89CD8464148AFC0C00649DBA /* motif */,
				89CD8471148AFC0C00649DBA /* usual */,
				89CD847E148AFC0C00649DBA /* utrecht */,
			);
			path = pieces;
			sourceTree = "<group>";
		};
		89CD8430148AFC0C00649DBA /* alpha */ = {
			isa = PBXGroup;
			children = (
				89CD8431148AFC0C00649DBA /* alpha_bb.png */,
				89CD8432148AFC0C00649DBA /* alpha_bk.png */,
				89CD8433148AFC0C00649DBA /* alpha_bn.png */,
				89CD8434148AFC0C00649DBA /* alpha_bp.png */,
				89CD8435148AFC0C00649DBA /* alpha_bq.png */,
				89CD8436148AFC0C00649DBA /* alpha_br.png */,
				89CD8437148AFC0C00649DBA /* alpha_wb.png */,
				89CD8438148AFC0C00649DBA /* alpha_wk.png */,
				89CD8439148AFC0C00649DBA /* alpha_wn.png */,
				89CD843A148AFC0C00649DBA /* alpha_wp.png */,
				89CD843B148AFC0C00649DBA /* alpha_wq.png */,
				89CD843C148AFC0C00649DBA /* alpha_wr.png */,
			);
			path = alpha;
			sourceTree = "<group>";
		};
		89CD843D148AFC0C00649DBA /* line */ = {
			isa = PBXGroup;
			children = (
				89CD843E148AFC0C00649DBA /* line_bb.png */,
				89CD843F148AFC0C00649DBA /* line_bk.png */,
				89CD8440148AFC0C00649DBA /* line_bn.png */,
				89CD8441148AFC0C00649DBA /* line_bp.png */,
				89CD8442148AFC0C00649DBA /* line_bq.png */,
				89CD8443148AFC0C00649DBA /* line_br.png */,
				89CD8444148AFC0C00649DBA /* line_wb.png */,
				89CD8445148AFC0C00649DBA /* line_wk.png */,
				89CD8446148AFC0C00649DBA /* line_wn.png */,
				89CD8447148AFC0C00649DBA /* line_wp.png */,
				89CD8448148AFC0C00649DBA /* line_wq.png */,
				89CD8449148AFC0C00649DBA /* line_wr.png */,
			);
			path = line;
			sourceTree = "<group>";
		};
		89CD844A148AFC0C00649DBA /* magnetic */ = {
			isa = PBXGroup;
			children = (
				89CD844B148AFC0C00649DBA /* magnetic_bb.png */,
				89CD844C148AFC0C00649DBA /* magnetic_bk.png */,
				89CD844D148AFC0C00649DBA /* magnetic_bn.png */,
				89CD844E148AFC0C00649DBA /* magnetic_bp.png */,
				89CD844F148AFC0C00649DBA /* magnetic_bq.png */,
				89CD8450148AFC0C00649DBA /* magnetic_br.png */,
				89CD8451148AFC0C00649DBA /* magnetic_wb.png */,
				89CD8452148AFC0C00649DBA /* magnetic_wk.png */,
				89CD8453148AFC0C00649DBA /* magnetic_wn.png */,
				89CD8454148AFC0C00649DBA /* magnetic_wp.png */,
				89CD8455148AFC0C00649DBA /* magnetic_wq.png */,
				89CD8456148AFC0C00649DBA /* magnetic_wr.png */,
			);
			path = magnetic;
			sourceTree = "<group>";
		};
		89CD8457148AFC0C00649DBA /* mark */ = {
			isa = PBXGroup;
			children = (
				89CD8458148AFC0C00649DBA /* mark_bb.png */,
				89CD8459148AFC0C00649DBA /* mark_bk.png */,
				89CD845A148AFC0C00649DBA /* mark_bn.png */,
				89CD845B148AFC0C00649DBA /* mark_bp.png */,
				89CD845C148AFC0C00649DBA /* mark_bq.png */,
				89CD845D148AFC0C00649DBA /* mark_br.png */,
				89CD845E148AFC0C00649DBA /* mark_wb.png */,
				89CD845F148AFC0C00649DBA /* mark_wk.png */,
				89CD8460148AFC0C00649DBA /* mark_wn.png */,
				89CD8461148AFC0C00649DBA /* mark_wp.png */,
				89CD8462148AFC0C00649DBA /* mark_wq.png */,
				89CD8463148AFC0C00649DBA /* mark_wr.png */,
			);
			path = mark;
			sourceTree = "<group>";
		};
		89CD8464148AFC0C00649DBA /* motif */ = {
			isa = PBXGroup;
			children = (
				89CD8465148AFC0C00649DBA /* motif_bb.png */,
				89CD8466148AFC0C00649DBA /* motif_bk.png */,
				89CD8467148AFC0C00649DBA /* motif_bn.png */,
				89CD8468148AFC0C00649DBA /* motif_bp.png */,
				89CD8469148AFC0C00649DBA /* motif_bq.png */,
				89CD846A148AFC0C00649DBA /* motif_br.png */,
				89CD846B148AFC0C00649DBA /* motif_wb.png */,
				89CD846C148AFC0C00649DBA /* motif_wk.png */,
				89CD846D148AFC0C00649DBA /* motif_wn.png */,
				89CD846E148AFC0C00649DBA /* motif_wp.png */,
				89CD846F148AFC0C00649DBA /* motif_wq.png */,
				89CD8470148AFC0C00649DBA /* motif_wr.png */,
			);
			path = motif;
			sourceTree = "<group>";
		};
		89CD8471148AFC0C00649DBA /* usual */ = {
			isa = PBXGroup;
			children = (
				89CD8472148AFC0C00649DBA /* usual_bb.png */,
				89CD8473148AFC0C00649DBA /* usual_bk.png */,
				89CD8474148AFC0C00649DBA /* usual_bn.png */,
				89CD8475148AFC0C00649DBA /* usual_bp.png */,
				89CD8476148AFC0C00649DBA /* usual_bq.png */,
				89CD8477148AFC0C00649DBA /* usual_br.png */,
				89CD8478148AFC0C00649DBA /* usual_wb.png */,
				89CD8479148AFC0C00649DBA /* usual_wk.png */,
				89CD847A148AFC0C00649DBA /* usual_wn.png */,
				89CD847B148AFC0C00649DBA /* usual_wp.png */,
				89CD847C148AFC0C00649DBA /* usual_wq.png */,
				89CD847D148AFC0C00649DBA /* usual_wr.png */,
			);
			path = usual;
			sourceTree = "<group>";
		};
		89CD847E148AFC0C00649DBA /* utrecht */ = {
			isa = PBXGroup;
			children = (
				89CD847F148AFC0C00649DBA /* utrecht_bb.png */,
				89CD8480148AFC0C00649DBA /* utrecht_bk.png */,
				89CD8481148AFC0C00649DBA /* utrecht_bn.png */,
				89CD8482148AFC0C00649DBA /* utrecht_bp.png */,
				89CD8483148AFC0C00649DBA /* utrecht_bq.png */,
				89CD8484148AFC0C00649DBA /* utrecht_br.png */,
				89CD8485148AFC0C00649DBA /* utrecht_wb.png */,
				89CD8486148AFC0C00649DBA /* utrecht_wk.png */,
				89CD8487148AFC0C00649DBA /* utrecht_wn.png */,
				89CD8488148AFC0C00649DBA /* utrecht_wp.png */,
				89CD8489148AFC0C00649DBA /* utrecht_wq.png */,
				89CD848A148AFC0C00649DBA /* utrecht_wr.png */,
			);
			path = utrecht;
			sourceTree = "<group>";
		};
/* End PBXGroup section */

/* Begin PBXNativeTarget section */
		897B5CE61487D10F003EE329 /* LCV */ = {
			isa = PBXNativeTarget;
			buildConfigurationList = 897B5D081487D10F003EE329 /* Build configuration list for PBXNativeTarget "LCV" */;
			buildPhases = (
				897B5CE31487D10F003EE329 /* Sources */,
				897B5CE41487D10F003EE329 /* Frameworks */,
				897B5CE51487D10F003EE329 /* Resources */,
			);
			buildRules = (
			);
			dependencies = (
			);
			name = LCV;
			productName = LCV;
			productReference = 897B5CE71487D10F003EE329 /* LCV.app */;
			productType = "com.apple.product-type.application";
		};
/* End PBXNativeTarget section */

/* Begin PBXProject section */
		897B5CDE1487D10F003EE329 /* Project object */ = {
			isa = PBXProject;
			attributes = {
				LastUpgradeCheck = 0420;
				ORGANIZATIONNAME = "PixelSift Studios";
			};
			buildConfigurationList = 897B5CE11487D10F003EE329 /* Build configuration list for PBXProject "LCV" */;
			compatibilityVersion = "Xcode 3.2";
			developmentRegion = English;
			hasScannedForEncodings = 0;
			knownRegions = (
				en,
			);
			mainGroup = 897B5CDC1487D10F003EE329;
			productRefGroup = 897B5CE81487D10F003EE329 /* Products */;
			projectDirPath = "";
			projectRoot = "";
			targets = (
				897B5CE61487D10F003EE329 /* LCV */,
			);
		};
/* End PBXProject section */

/* Begin PBXResourcesBuildPhase section */
		897B5CE51487D10F003EE329 /* Resources */ = {
			isa = PBXResourcesBuildPhase;
			buildActionMask = 2147483647;
			files = (
				897B5CF61487D10F003EE329 /* InfoPlist.strings in Resources */,
				89CD848D148AFC0C00649DBA /* backward-icon.png in Resources */,
				89CD848E148AFC0C00649DBA /* bg.png in Resources */,
				89CD848F148AFC0C00649DBA /* board-icon.png in Resources */,
				89CD8490148AFC0C00649DBA /* board_paper.png in Resources */,
				89CD8491148AFC0C00649DBA /* board_pinstripes.png in Resources */,
				89CD8492148AFC0C00649DBA /* board_plain.png in Resources */,
				89CD8493148AFC0C00649DBA /* board_wood_dark.png in Resources */,
				89CD8494148AFC0C00649DBA /* board_wood_light.png in Resources */,
				89CD8495148AFC0C00649DBA /* email-icon.png in Resources */,
				89CD8496148AFC0C00649DBA /* icon-flip@2x.png in Resources */,
				89CD8497148AFC0C00649DBA /* forward-icon.png in Resources */,
				89CD8498148AFC0C00649DBA /* games-icon.png in Resources */,
				89CD8499148AFC0C00649DBA /* info-icon.png in Resources */,
				89CD849A148AFC0C00649DBA /* alpha_bb.png in Resources */,
				89CD849B148AFC0C00649DBA /* alpha_bk.png in Resources */,
				89CD849C148AFC0C00649DBA /* alpha_bn.png in Resources */,
				89CD849D148AFC0C00649DBA /* alpha_bp.png in Resources */,
				89CD849E148AFC0C00649DBA /* alpha_bq.png in Resources */,
				89CD849F148AFC0C00649DBA /* alpha_br.png in Resources */,
				89CD84A0148AFC0C00649DBA /* alpha_wb.png in Resources */,
				89CD84A1148AFC0C00649DBA /* alpha_wk.png in Resources */,
				89CD84A2148AFC0C00649DBA /* alpha_wn.png in Resources */,
				89CD84A3148AFC0C00649DBA /* alpha_wp.png in Resources */,
				89CD84A4148AFC0C00649DBA /* alpha_wq.png in Resources */,
				89CD84A5148AFC0C00649DBA /* alpha_wr.png in Resources */,
				89CD84A6148AFC0C00649DBA /* line_bb.png in Resources */,
				89CD84A7148AFC0C00649DBA /* line_bk.png in Resources */,
				89CD84A8148AFC0C00649DBA /* line_bn.png in Resources */,
				89CD84A9148AFC0C00649DBA /* line_bp.png in Resources */,
				89CD84AA148AFC0C00649DBA /* line_bq.png in Resources */,
				89CD84AB148AFC0C00649DBA /* line_br.png in Resources */,
				89CD84AC148AFC0C00649DBA /* line_wb.png in Resources */,
				89CD84AD148AFC0C00649DBA /* line_wk.png in Resources */,
				89CD84AE148AFC0C00649DBA /* line_wn.png in Resources */,
				89CD84AF148AFC0C00649DBA /* line_wp.png in Resources */,
				89CD84B0148AFC0C00649DBA /* line_wq.png in Resources */,
				89CD84B1148AFC0C00649DBA /* line_wr.png in Resources */,
				89CD84B2148AFC0C00649DBA /* magnetic_bb.png in Resources */,
				89CD84B3148AFC0C00649DBA /* magnetic_bk.png in Resources */,
				89CD84B4148AFC0C00649DBA /* magnetic_bn.png in Resources */,
				89CD84B5148AFC0C00649DBA /* magnetic_bp.png in Resources */,
				89CD84B6148AFC0C00649DBA /* magnetic_bq.png in Resources */,
				89CD84B7148AFC0C00649DBA /* magnetic_br.png in Resources */,
				89CD84B8148AFC0C00649DBA /* magnetic_wb.png in Resources */,
				89CD84B9148AFC0C00649DBA /* magnetic_wk.png in Resources */,
				89CD84BA148AFC0C00649DBA /* magnetic_wn.png in Resources */,
				89CD84BB148AFC0C00649DBA /* magnetic_wp.png in Resources */,
				89CD84BC148AFC0C00649DBA /* magnetic_wq.png in Resources */,
				89CD84BD148AFC0C00649DBA /* magnetic_wr.png in Resources */,
				89CD84BE148AFC0C00649DBA /* mark_bb.png in Resources */,
				89CD84BF148AFC0C00649DBA /* mark_bk.png in Resources */,
				89CD84C0148AFC0C00649DBA /* mark_bn.png in Resources */,
				89CD84C1148AFC0C00649DBA /* mark_bp.png in Resources */,
				89CD84C2148AFC0C00649DBA /* mark_bq.png in Resources */,
				89CD84C3148AFC0C00649DBA /* mark_br.png in Resources */,
				89CD84C4148AFC0C00649DBA /* mark_wb.png in Resources */,
				89CD84C5148AFC0C00649DBA /* mark_wk.png in Resources */,
				89CD84C6148AFC0C00649DBA /* mark_wn.png in Resources */,
				89CD84C7148AFC0C00649DBA /* mark_wp.png in Resources */,
				89CD84C8148AFC0C00649DBA /* mark_wq.png in Resources */,
				89CD84C9148AFC0C00649DBA /* mark_wr.png in Resources */,
				89CD84CA148AFC0C00649DBA /* motif_bb.png in Resources */,
				89CD84CB148AFC0C00649DBA /* motif_bk.png in Resources */,
				89CD84CC148AFC0C00649DBA /* motif_bn.png in Resources */,
				89CD84CD148AFC0C00649DBA /* motif_bp.png in Resources */,
				89CD84CE148AFC0C00649DBA /* motif_bq.png in Resources */,
				89CD84CF148AFC0C00649DBA /* motif_br.png in Resources */,
				89CD84D0148AFC0C00649DBA /* motif_wb.png in Resources */,
				89CD84D1148AFC0C00649DBA /* motif_wk.png in Resources */,
				89CD84D2148AFC0C00649DBA /* motif_wn.png in Resources */,
				89CD84D3148AFC0C00649DBA /* motif_wp.png in Resources */,
				89CD84D4148AFC0C00649DBA /* motif_wq.png in Resources */,
				89CD84D5148AFC0C00649DBA /* motif_wr.png in Resources */,
				89CD84D6148AFC0C00649DBA /* usual_bb.png in Resources */,
				89CD84D7148AFC0C00649DBA /* usual_bk.png in Resources */,
				89CD84D8148AFC0C00649DBA /* usual_bn.png in Resources */,
				89CD84D9148AFC0C00649DBA /* usual_bp.png in Resources */,
				89CD84DA148AFC0C00649DBA /* usual_bq.png in Resources */,
				89CD84DB148AFC0C00649DBA /* usual_br.png in Resources */,
				89CD84DC148AFC0C00649DBA /* usual_wb.png in Resources */,
				89CD84DD148AFC0C00649DBA /* usual_wk.png in Resources */,
				89CD84DE148AFC0C00649DBA /* usual_wn.png in Resources */,
				89CD84DF148AFC0C00649DBA /* usual_wp.png in Resources */,
				89CD84E0148AFC0C00649DBA /* usual_wq.png in Resources */,
				89CD84E1148AFC0C00649DBA /* usual_wr.png in Resources */,
				89CD84E2148AFC0C00649DBA /* utrecht_bb.png in Resources */,
				89CD84E3148AFC0C00649DBA /* utrecht_bk.png in Resources */,
				89CD84E4148AFC0C00649DBA /* utrecht_bn.png in Resources */,
				89CD84E5148AFC0C00649DBA /* utrecht_bp.png in Resources */,
				89CD84E6148AFC0C00649DBA /* utrecht_bq.png in Resources */,
				89CD84E7148AFC0C00649DBA /* utrecht_br.png in Resources */,
				89CD84E8148AFC0C00649DBA /* utrecht_wb.png in Resources */,
				89CD84E9148AFC0C00649DBA /* utrecht_wk.png in Resources */,
				89CD84EA148AFC0C00649DBA /* utrecht_wn.png in Resources */,
				89CD84EB148AFC0C00649DBA /* utrecht_wp.png in Resources */,
				89CD84EC148AFC0C00649DBA /* utrecht_wq.png in Resources */,
				89CD84ED148AFC0C00649DBA /* utrecht_wr.png in Resources */,
				89CD84EE148AFC0C00649DBA /* pixelsift.png in Resources */,
				89CD84EF148AFC0C00649DBA /* refresh-icon.png in Resources */,
				89E03990148EA2E900EFE945 /* Default-Landscape~ipad.png in Resources */,
				89E03992148EA4C800EFE945 /* Default@2x.png in Resources */,
				89E03994148EA54600EFE945 /* Default.png in Resources */,
				89E03996148EA9C200EFE945 /* LCVicon-retina.png in Resources */,
				89E03998148EAA0C00EFE945 /* LCVicon.png in Resources */,
				89E0399A148EAA7500EFE945 /* LCVicon-ipad.png in Resources */,
				8909A16D149161170040188F /* testBoard.png in Resources */,
				897722881496857B00B1FC50 /* button-play.png in Resources */,
				897722891496857B00B1FC50 /* button-practice.png in Resources */,
				8977228A1496857B00B1FC50 /* button-review.png in Resources */,
				8977228B1496857B00B1FC50 /* button-watch.png in Resources */,
				8977228E1496891700B1FC50 /* bg-red.png in Resources */,
				89E500BD149A89280008589C /* icon-forward@2x.png in Resources */,
				89E500BF149A8A730008589C /* icon-backward@2x.png in Resources */,
				89E500C1149A93100008589C /* icon-home@2x.png in Resources */,
				89A34089149B8641009CAC3F /* icon-backward.png in Resources */,
				89A3408A149B8641009CAC3F /* icon-flip.png in Resources */,
				89A3408B149B8641009CAC3F /* icon-forward.png in Resources */,
				89A3408C149B8641009CAC3F /* icon-home.png in Resources */,
				89A3408D149B8641009CAC3F /* icon-moves.png in Resources */,
				89A3408E149B8641009CAC3F /* icon-settings.png in Resources */,
				89A34092149B86E0009CAC3F /* icon-menu.png in Resources */,
				89A34093149B86E0009CAC3F /* icon-moves@2x.png in Resources */,
				89A34094149B86E0009CAC3F /* icon-settings@2x.png in Resources */,
			);
			runOnlyForDeploymentPostprocessing = 0;
		};
/* End PBXResourcesBuildPhase section */

/* Begin PBXSourcesBuildPhase section */
		897B5CE31487D10F003EE329 /* Sources */ = {
			isa = PBXSourcesBuildPhase;
			buildActionMask = 2147483647;
			files = (
				897B5CF81487D10F003EE329 /* main.m in Sources */,
				897B5CFC1487D10F003EE329 /* AppDelegate.m in Sources */,
				897B5CFF1487D10F003EE329 /* RootViewController.m in Sources */,
				89C3108D14880D4D00DFAADC /* SettingsTableViewController.m in Sources */,
				89C310A1148822A900DFAADC /* BoardImageView.m in Sources */,
				89C310A2148822A900DFAADC /* BoardView.m in Sources */,
				89C310A3148822A900DFAADC /* BoardViewController.m in Sources */,
				89C310A4148822A900DFAADC /* CurrentGamesViewController.m in Sources */,
				89C310A5148822A900DFAADC /* Move.m in Sources */,
				89C310A6148822A900DFAADC /* MoveListView.m in Sources */,
				89C310A7148822A900DFAADC /* PieceImageView.m in Sources */,
				89C310A8148822A900DFAADC /* StreamController.m in Sources */,
				899387A9148930AC006FF9DA /* MenuTableViewController.m in Sources */,
				89CD84081489D33600649DBA /* PracticeViewController.m in Sources */,
				89CD840D148A50CC00649DBA /* Model.xcdatamodeld in Sources */,
				89CD8411148AE77A00649DBA /* KeychainWrapper.m in Sources */,
				89945492148DBFC80003014A /* PracticeView.m in Sources */,
				89858E7F1490504100763B8C /* LoadingView.m in Sources */,
				8933A3A4149251E2006054C4 /* ActionBadgesViewController.m in Sources */,
				89E500A9149A3CF90008589C /* PiecesTableViewController.m in Sources */,
				89E500B1149A73080008589C /* BoardTableViewController.m in Sources */,
			);
			runOnlyForDeploymentPostprocessing = 0;
		};
/* End PBXSourcesBuildPhase section */

/* Begin PBXVariantGroup section */
		897B5CF41487D10F003EE329 /* InfoPlist.strings */ = {
			isa = PBXVariantGroup;
			children = (
				897B5CF51487D10F003EE329 /* en */,
			);
			name = InfoPlist.strings;
			sourceTree = "<group>";
		};
/* End PBXVariantGroup section */

/* Begin XCBuildConfiguration section */
		897B5D061487D10F003EE329 /* Debug */ = {
			isa = XCBuildConfiguration;
			buildSettings = {
				ALWAYS_SEARCH_USER_PATHS = NO;
				ARCHS = "$(ARCHS_STANDARD_32_BIT)";
				"CODE_SIGN_IDENTITY[sdk=iphoneos*]" = "iPhone Developer";
				COPY_PHASE_STRIP = NO;
				GCC_C_LANGUAGE_STANDARD = gnu99;
				GCC_DYNAMIC_NO_PIC = NO;
				GCC_OPTIMIZATION_LEVEL = 0;
				GCC_PREPROCESSOR_DEFINITIONS = (
					"DEBUG=1",
					"$(inherited)",
				);
				GCC_SYMBOLS_PRIVATE_EXTERN = NO;
				GCC_VERSION = com.apple.compilers.llvm.clang.1_0;
				GCC_WARN_ABOUT_MISSING_PROTOTYPES = YES;
				GCC_WARN_ABOUT_RETURN_TYPE = YES;
				GCC_WARN_UNUSED_VARIABLE = YES;
				IPHONEOS_DEPLOYMENT_TARGET = 4.3;
				SDKROOT = iphoneos;
				TARGETED_DEVICE_FAMILY = "1,2";
			};
			name = Debug;
		};
		897B5D071487D10F003EE329 /* Release */ = {
			isa = XCBuildConfiguration;
			buildSettings = {
				ALWAYS_SEARCH_USER_PATHS = NO;
				ARCHS = "$(ARCHS_STANDARD_32_BIT)";
				"CODE_SIGN_IDENTITY[sdk=iphoneos*]" = "iPhone Developer";
				COPY_PHASE_STRIP = YES;
				GCC_C_LANGUAGE_STANDARD = gnu99;
				GCC_VERSION = com.apple.compilers.llvm.clang.1_0;
				GCC_WARN_ABOUT_MISSING_PROTOTYPES = YES;
				GCC_WARN_ABOUT_RETURN_TYPE = YES;
				GCC_WARN_UNUSED_VARIABLE = YES;
				IPHONEOS_DEPLOYMENT_TARGET = 4.3;
				OTHER_CFLAGS = "-DNS_BLOCK_ASSERTIONS=1";
				SDKROOT = iphoneos;
				TARGETED_DEVICE_FAMILY = "1,2";
				VALIDATE_PRODUCT = YES;
			};
			name = Release;
		};
		897B5D091487D10F003EE329 /* Debug */ = {
			isa = XCBuildConfiguration;
			buildSettings = {
				GCC_PRECOMPILE_PREFIX_HEADER = YES;
				GCC_PREFIX_HEADER = "LCV/LCV-Prefix.pch";
				INFOPLIST_FILE = "LCV/LCV-Info.plist";
				IPHONEOS_DEPLOYMENT_TARGET = 4.3;
				PRODUCT_NAME = "$(TARGET_NAME)";
				WRAPPER_EXTENSION = app;
			};
			name = Debug;
		};
		897B5D0A1487D10F003EE329 /* Release */ = {
			isa = XCBuildConfiguration;
			buildSettings = {
				GCC_PRECOMPILE_PREFIX_HEADER = YES;
				GCC_PREFIX_HEADER = "LCV/LCV-Prefix.pch";
				INFOPLIST_FILE = "LCV/LCV-Info.plist";
				IPHONEOS_DEPLOYMENT_TARGET = 4.3;
				PRODUCT_NAME = "$(TARGET_NAME)";
				WRAPPER_EXTENSION = app;
			};
			name = Release;
		};
/* End XCBuildConfiguration section */

/* Begin XCConfigurationList section */
		897B5CE11487D10F003EE329 /* Build configuration list for PBXProject "LCV" */ = {
			isa = XCConfigurationList;
			buildConfigurations = (
				897B5D061487D10F003EE329 /* Debug */,
				897B5D071487D10F003EE329 /* Release */,
			);
			defaultConfigurationIsVisible = 0;
			defaultConfigurationName = Release;
		};
		897B5D081487D10F003EE329 /* Build configuration list for PBXNativeTarget "LCV" */ = {
			isa = XCConfigurationList;
			buildConfigurations = (
				897B5D091487D10F003EE329 /* Debug */,
				897B5D0A1487D10F003EE329 /* Release */,
			);
			defaultConfigurationIsVisible = 0;
			defaultConfigurationName = Release;
		};
/* End XCConfigurationList section */

/* Begin XCVersionGroup section */
		89CD840B148A50CC00649DBA /* Model.xcdatamodeld */ = {
			isa = XCVersionGroup;
			children = (
				89CD840C148A50CC00649DBA /* Model.xcdatamodel */,
			);
			currentVersion = 89CD840C148A50CC00649DBA /* Model.xcdatamodel */;
			path = Model.xcdatamodeld;
			sourceTree = "<group>";
			versionGroupType = wrapper.xcdatamodel;
		};
/* End XCVersionGroup section */
	};
	rootObject = 897B5CDE1487D10F003EE329 /* Project object */;
}
