// !$*UTF8*$!
{
	archiveVersion = 1;
	classes = {
	};
	objectVersion = 46;
	objects = {

/* Begin PBXBuildFile section */
		897B5CEC1487D10F003EE329 /* UIKit.framework in Frameworks */ = {isa = PBXBuildFile; fileRef = 897B5CEB1487D10F003EE329 /* UIKit.framework */; };
		897B5CEE1487D10F003EE329 /* Foundation.framework in Frameworks */ = {isa = PBXBuildFile; fileRef = 897B5CED1487D10F003EE329 /* Foundation.framework */; };
		897B5CF01487D10F003EE329 /* CoreGraphics.framework in Frameworks */ = {isa = PBXBuildFile; fileRef = 897B5CEF1487D10F003EE329 /* CoreGraphics.framework */; };
		897B5CF61487D10F003EE329 /* InfoPlist.strings in Resources */ = {isa = PBXBuildFile; fileRef = 897B5CF41487D10F003EE329 /* InfoPlist.strings */; };
		897B5CF81487D10F003EE329 /* main.m in Sources */ = {isa = PBXBuildFile; fileRef = 897B5CF71487D10F003EE329 /* main.m */; };
		897B5CFC1487D10F003EE329 /* AppDelegate.m in Sources */ = {isa = PBXBuildFile; fileRef = 897B5CFB1487D10F003EE329 /* AppDelegate.m */; };
		897B5CFF1487D10F003EE329 /* ViewController.m in Sources */ = {isa = PBXBuildFile; fileRef = 897B5CFE1487D10F003EE329 /* ViewController.m */; };
		89C310821487FA9B00DFAADC /* icon-settings.png in Resources */ = {isa = PBXBuildFile; fileRef = 89C310811487FA9B00DFAADC /* icon-settings.png */; };
		89C3108D14880D4D00DFAADC /* SettingsTableViewController.m in Sources */ = {isa = PBXBuildFile; fileRef = 89C3108C14880D4D00DFAADC /* SettingsTableViewController.m */; };
		89C3108F1488154800DFAADC /* icon-home.png in Resources */ = {isa = PBXBuildFile; fileRef = 89C3108E1488154800DFAADC /* icon-home.png */; };
		89C310A1148822A900DFAADC /* BoardImageView.m in Sources */ = {isa = PBXBuildFile; fileRef = 89C31091148822A800DFAADC /* BoardImageView.m */; };
		89C310A2148822A900DFAADC /* BoardView.m in Sources */ = {isa = PBXBuildFile; fileRef = 89C31093148822A800DFAADC /* BoardView.m */; };
		89C310A3148822A900DFAADC /* BoardViewController.m in Sources */ = {isa = PBXBuildFile; fileRef = 89C31095148822A800DFAADC /* BoardViewController.m */; };
		89C310A4148822A900DFAADC /* CurrentGamesViewController.m in Sources */ = {isa = PBXBuildFile; fileRef = 89C31097148822A800DFAADC /* CurrentGamesViewController.m */; };
		89C310A5148822A900DFAADC /* Move.m in Sources */ = {isa = PBXBuildFile; fileRef = 89C3109A148822A900DFAADC /* Move.m */; };
		89C310A6148822A900DFAADC /* MoveListView.m in Sources */ = {isa = PBXBuildFile; fileRef = 89C3109C148822A900DFAADC /* MoveListView.m */; };
		89C310A7148822A900DFAADC /* PieceImageView.m in Sources */ = {isa = PBXBuildFile; fileRef = 89C3109E148822A900DFAADC /* PieceImageView.m */; };
		89C310A8148822A900DFAADC /* StreamController.m in Sources */ = {isa = PBXBuildFile; fileRef = 89C310A0148822A900DFAADC /* StreamController.m */; };
		89C310AA1488237100DFAADC /* AudioToolbox.framework in Frameworks */ = {isa = PBXBuildFile; fileRef = 89C310A91488237100DFAADC /* AudioToolbox.framework */; };
		89C310AC148824B900DFAADC /* MessageUI.framework in Frameworks */ = {isa = PBXBuildFile; fileRef = 89C310AB148824B900DFAADC /* MessageUI.framework */; };
/* End PBXBuildFile section */

/* Begin PBXFileReference section */
		897B5CE71487D10F003EE329 /* LCV.app */ = {isa = PBXFileReference; explicitFileType = wrapper.application; includeInIndex = 0; path = LCV.app; sourceTree = BUILT_PRODUCTS_DIR; };
		897B5CEB1487D10F003EE329 /* UIKit.framework */ = {isa = PBXFileReference; lastKnownFileType = wrapper.framework; name = UIKit.framework; path = System/Library/Frameworks/UIKit.framework; sourceTree = SDKROOT; };
		897B5CED1487D10F003EE329 /* Foundation.framework */ = {isa = PBXFileReference; lastKnownFileType = wrapper.framework; name = Foundation.framework; path = System/Library/Frameworks/Foundation.framework; sourceTree = SDKROOT; };
		897B5CEF1487D10F003EE329 /* CoreGraphics.framework */ = {isa = PBXFileReference; lastKnownFileType = wrapper.framework; name = CoreGraphics.framework; path = System/Library/Frameworks/CoreGraphics.framework; sourceTree = SDKROOT; };
		897B5CF31487D10F003EE329 /* LCV-Info.plist */ = {isa = PBXFileReference; lastKnownFileType = text.plist.xml; path = "LCV-Info.plist"; sourceTree = "<group>"; };
		897B5CF51487D10F003EE329 /* en */ = {isa = PBXFileReference; lastKnownFileType = text.plist.strings; name = en; path = en.lproj/InfoPlist.strings; sourceTree = "<group>"; };
		897B5CF71487D10F003EE329 /* main.m */ = {isa = PBXFileReference; lastKnownFileType = sourcecode.c.objc; path = main.m; sourceTree = "<group>"; };
		897B5CF91487D10F003EE329 /* LCV-Prefix.pch */ = {isa = PBXFileReference; lastKnownFileType = sourcecode.c.h; path = "LCV-Prefix.pch"; sourceTree = "<group>"; };
		897B5CFA1487D10F003EE329 /* AppDelegate.h */ = {isa = PBXFileReference; lastKnownFileType = sourcecode.c.h; path = AppDelegate.h; sourceTree = "<group>"; };
		897B5CFB1487D10F003EE329 /* AppDelegate.m */ = {isa = PBXFileReference; lastKnownFileType = sourcecode.c.objc; path = AppDelegate.m; sourceTree = "<group>"; };
		897B5CFD1487D10F003EE329 /* ViewController.h */ = {isa = PBXFileReference; lastKnownFileType = sourcecode.c.h; path = ViewController.h; sourceTree = "<group>"; };
		897B5CFE1487D10F003EE329 /* ViewController.m */ = {isa = PBXFileReference; lastKnownFileType = sourcecode.c.objc; path = ViewController.m; sourceTree = "<group>"; };
		89C310811487FA9B00DFAADC /* icon-settings.png */ = {isa = PBXFileReference; lastKnownFileType = image.png; path = "icon-settings.png"; sourceTree = "<group>"; };
		89C3108B14880D4D00DFAADC /* SettingsTableViewController.h */ = {isa = PBXFileReference; fileEncoding = 4; lastKnownFileType = sourcecode.c.h; path = SettingsTableViewController.h; sourceTree = "<group>"; };
		89C3108C14880D4D00DFAADC /* SettingsTableViewController.m */ = {isa = PBXFileReference; fileEncoding = 4; lastKnownFileType = sourcecode.c.objc; path = SettingsTableViewController.m; sourceTree = "<group>"; };
		89C3108E1488154800DFAADC /* icon-home.png */ = {isa = PBXFileReference; lastKnownFileType = image.png; path = "icon-home.png"; sourceTree = "<group>"; };
		89C31090148822A800DFAADC /* BoardImageView.h */ = {isa = PBXFileReference; fileEncoding = 4; lastKnownFileType = sourcecode.c.h; path = BoardImageView.h; sourceTree = "<group>"; };
		89C31091148822A800DFAADC /* BoardImageView.m */ = {isa = PBXFileReference; fileEncoding = 4; lastKnownFileType = sourcecode.c.objc; path = BoardImageView.m; sourceTree = "<group>"; };
		89C31092148822A800DFAADC /* BoardView.h */ = {isa = PBXFileReference; fileEncoding = 4; lastKnownFileType = sourcecode.c.h; path = BoardView.h; sourceTree = "<group>"; };
		89C31093148822A800DFAADC /* BoardView.m */ = {isa = PBXFileReference; fileEncoding = 4; lastKnownFileType = sourcecode.c.objc; path = BoardView.m; sourceTree = "<group>"; };
		89C31094148822A800DFAADC /* BoardViewController.h */ = {isa = PBXFileReference; fileEncoding = 4; lastKnownFileType = sourcecode.c.h; path = BoardViewController.h; sourceTree = "<group>"; };
		89C31095148822A800DFAADC /* BoardViewController.m */ = {isa = PBXFileReference; fileEncoding = 4; lastKnownFileType = sourcecode.c.objc; path = BoardViewController.m; sourceTree = "<group>"; };
		89C31096148822A800DFAADC /* CurrentGamesViewController.h */ = {isa = PBXFileReference; fileEncoding = 4; lastKnownFileType = sourcecode.c.h; path = CurrentGamesViewController.h; sourceTree = "<group>"; };
		89C31097148822A800DFAADC /* CurrentGamesViewController.m */ = {isa = PBXFileReference; fileEncoding = 4; lastKnownFileType = sourcecode.c.objc; path = CurrentGamesViewController.m; sourceTree = "<group>"; };
		89C31098148822A800DFAADC /* Definitions.h */ = {isa = PBXFileReference; fileEncoding = 4; lastKnownFileType = sourcecode.c.h; path = Definitions.h; sourceTree = "<group>"; };
		89C31099148822A900DFAADC /* Move.h */ = {isa = PBXFileReference; fileEncoding = 4; lastKnownFileType = sourcecode.c.h; path = Move.h; sourceTree = "<group>"; };
		89C3109A148822A900DFAADC /* Move.m */ = {isa = PBXFileReference; fileEncoding = 4; lastKnownFileType = sourcecode.c.objc; path = Move.m; sourceTree = "<group>"; };
		89C3109B148822A900DFAADC /* MoveListView.h */ = {isa = PBXFileReference; fileEncoding = 4; lastKnownFileType = sourcecode.c.h; path = MoveListView.h; sourceTree = "<group>"; };
		89C3109C148822A900DFAADC /* MoveListView.m */ = {isa = PBXFileReference; fileEncoding = 4; lastKnownFileType = sourcecode.c.objc; path = MoveListView.m; sourceTree = "<group>"; };
		89C3109D148822A900DFAADC /* PieceImageView.h */ = {isa = PBXFileReference; fileEncoding = 4; lastKnownFileType = sourcecode.c.h; path = PieceImageView.h; sourceTree = "<group>"; };
		89C3109E148822A900DFAADC /* PieceImageView.m */ = {isa = PBXFileReference; fileEncoding = 4; lastKnownFileType = sourcecode.c.objc; path = PieceImageView.m; sourceTree = "<group>"; };
		89C3109F148822A900DFAADC /* StreamController.h */ = {isa = PBXFileReference; fileEncoding = 4; lastKnownFileType = sourcecode.c.h; path = StreamController.h; sourceTree = "<group>"; };
		89C310A0148822A900DFAADC /* StreamController.m */ = {isa = PBXFileReference; fileEncoding = 4; lastKnownFileType = sourcecode.c.objc; path = StreamController.m; sourceTree = "<group>"; };
		89C310A91488237100DFAADC /* AudioToolbox.framework */ = {isa = PBXFileReference; lastKnownFileType = wrapper.framework; name = AudioToolbox.framework; path = System/Library/Frameworks/AudioToolbox.framework; sourceTree = SDKROOT; };
		89C310AB148824B900DFAADC /* MessageUI.framework */ = {isa = PBXFileReference; lastKnownFileType = wrapper.framework; name = MessageUI.framework; path = System/Library/Frameworks/MessageUI.framework; sourceTree = SDKROOT; };
/* End PBXFileReference section */

/* Begin PBXFrameworksBuildPhase section */
		897B5CE41487D10F003EE329 /* Frameworks */ = {
			isa = PBXFrameworksBuildPhase;
			buildActionMask = 2147483647;
			files = (
				89C310AC148824B900DFAADC /* MessageUI.framework in Frameworks */,
				89C310AA1488237100DFAADC /* AudioToolbox.framework in Frameworks */,
				897B5CEC1487D10F003EE329 /* UIKit.framework in Frameworks */,
				897B5CEE1487D10F003EE329 /* Foundation.framework in Frameworks */,
				897B5CF01487D10F003EE329 /* CoreGraphics.framework in Frameworks */,
			);
			runOnlyForDeploymentPostprocessing = 0;
		};
/* End PBXFrameworksBuildPhase section */

/* Begin PBXGroup section */
		897B5CDC1487D10F003EE329 = {
			isa = PBXGroup;
			children = (
				897B5CF11487D10F003EE329 /* LCV */,
				897B5CEA1487D10F003EE329 /* Frameworks */,
				897B5CE81487D10F003EE329 /* Products */,
			);
			sourceTree = "<group>";
		};
		897B5CE81487D10F003EE329 /* Products */ = {
			isa = PBXGroup;
			children = (
				897B5CE71487D10F003EE329 /* LCV.app */,
			);
			name = Products;
			sourceTree = "<group>";
		};
		897B5CEA1487D10F003EE329 /* Frameworks */ = {
			isa = PBXGroup;
			children = (
				89C310AB148824B900DFAADC /* MessageUI.framework */,
				89C310A91488237100DFAADC /* AudioToolbox.framework */,
				897B5CEB1487D10F003EE329 /* UIKit.framework */,
				897B5CED1487D10F003EE329 /* Foundation.framework */,
				897B5CEF1487D10F003EE329 /* CoreGraphics.framework */,
			);
			name = Frameworks;
			sourceTree = "<group>";
		};
		897B5CF11487D10F003EE329 /* LCV */ = {
			isa = PBXGroup;
			children = (
				897B5CFA1487D10F003EE329 /* AppDelegate.h */,
				897B5CFB1487D10F003EE329 /* AppDelegate.m */,
				897B5CFD1487D10F003EE329 /* ViewController.h */,
				897B5CFE1487D10F003EE329 /* ViewController.m */,
				89C31090148822A800DFAADC /* BoardImageView.h */,
				89C31091148822A800DFAADC /* BoardImageView.m */,
				89C31092148822A800DFAADC /* BoardView.h */,
				89C31093148822A800DFAADC /* BoardView.m */,
				89C31094148822A800DFAADC /* BoardViewController.h */,
				89C31095148822A800DFAADC /* BoardViewController.m */,
				89C31096148822A800DFAADC /* CurrentGamesViewController.h */,
				89C31097148822A800DFAADC /* CurrentGamesViewController.m */,
				89C31098148822A800DFAADC /* Definitions.h */,
				89C31099148822A900DFAADC /* Move.h */,
				89C3109A148822A900DFAADC /* Move.m */,
				89C3109B148822A900DFAADC /* MoveListView.h */,
				89C3109C148822A900DFAADC /* MoveListView.m */,
				89C3109D148822A900DFAADC /* PieceImageView.h */,
				89C3109E148822A900DFAADC /* PieceImageView.m */,
				89C3109F148822A900DFAADC /* StreamController.h */,
				89C310A0148822A900DFAADC /* StreamController.m */,
				89C3108B14880D4D00DFAADC /* SettingsTableViewController.h */,
				89C3108C14880D4D00DFAADC /* SettingsTableViewController.m */,
				89C3108E1488154800DFAADC /* icon-home.png */,
				89C310811487FA9B00DFAADC /* icon-settings.png */,
				897B5CF21487D10F003EE329 /* Supporting Files */,
			);
			path = LCV;
			sourceTree = "<group>";
		};
		897B5CF21487D10F003EE329 /* Supporting Files */ = {
			isa = PBXGroup;
			children = (
				897B5CF31487D10F003EE329 /* LCV-Info.plist */,
				897B5CF41487D10F003EE329 /* InfoPlist.strings */,
				897B5CF71487D10F003EE329 /* main.m */,
				897B5CF91487D10F003EE329 /* LCV-Prefix.pch */,
			);
			name = "Supporting Files";
			sourceTree = "<group>";
		};
/* End PBXGroup section */

/* Begin PBXNativeTarget section */
		897B5CE61487D10F003EE329 /* LCV */ = {
			isa = PBXNativeTarget;
			buildConfigurationList = 897B5D081487D10F003EE329 /* Build configuration list for PBXNativeTarget "LCV" */;
			buildPhases = (
				897B5CE31487D10F003EE329 /* Sources */,
				897B5CE41487D10F003EE329 /* Frameworks */,
				897B5CE51487D10F003EE329 /* Resources */,
			);
			buildRules = (
			);
			dependencies = (
			);
			name = LCV;
			productName = LCV;
			productReference = 897B5CE71487D10F003EE329 /* LCV.app */;
			productType = "com.apple.product-type.application";
		};
/* End PBXNativeTarget section */

/* Begin PBXProject section */
		897B5CDE1487D10F003EE329 /* Project object */ = {
			isa = PBXProject;
			attributes = {
				LastUpgradeCheck = 0420;
				ORGANIZATIONNAME = "PixelSift Studios";
			};
			buildConfigurationList = 897B5CE11487D10F003EE329 /* Build configuration list for PBXProject "LCV" */;
			compatibilityVersion = "Xcode 3.2";
			developmentRegion = English;
			hasScannedForEncodings = 0;
			knownRegions = (
				en,
			);
			mainGroup = 897B5CDC1487D10F003EE329;
			productRefGroup = 897B5CE81487D10F003EE329 /* Products */;
			projectDirPath = "";
			projectRoot = "";
			targets = (
				897B5CE61487D10F003EE329 /* LCV */,
			);
		};
/* End PBXProject section */

/* Begin PBXResourcesBuildPhase section */
		897B5CE51487D10F003EE329 /* Resources */ = {
			isa = PBXResourcesBuildPhase;
			buildActionMask = 2147483647;
			files = (
				897B5CF61487D10F003EE329 /* InfoPlist.strings in Resources */,
				89C310821487FA9B00DFAADC /* icon-settings.png in Resources */,
				89C3108F1488154800DFAADC /* icon-home.png in Resources */,
			);
			runOnlyForDeploymentPostprocessing = 0;
		};
/* End PBXResourcesBuildPhase section */

/* Begin PBXSourcesBuildPhase section */
		897B5CE31487D10F003EE329 /* Sources */ = {
			isa = PBXSourcesBuildPhase;
			buildActionMask = 2147483647;
			files = (
				897B5CF81487D10F003EE329 /* main.m in Sources */,
				897B5CFC1487D10F003EE329 /* AppDelegate.m in Sources */,
				897B5CFF1487D10F003EE329 /* ViewController.m in Sources */,
				89C3108D14880D4D00DFAADC /* SettingsTableViewController.m in Sources */,
				89C310A1148822A900DFAADC /* BoardImageView.m in Sources */,
				89C310A2148822A900DFAADC /* BoardView.m in Sources */,
				89C310A3148822A900DFAADC /* BoardViewController.m in Sources */,
				89C310A4148822A900DFAADC /* CurrentGamesViewController.m in Sources */,
				89C310A5148822A900DFAADC /* Move.m in Sources */,
				89C310A6148822A900DFAADC /* MoveListView.m in Sources */,
				89C310A7148822A900DFAADC /* PieceImageView.m in Sources */,
				89C310A8148822A900DFAADC /* StreamController.m in Sources */,
			);
			runOnlyForDeploymentPostprocessing = 0;
		};
/* End PBXSourcesBuildPhase section */

/* Begin PBXVariantGroup section */
		897B5CF41487D10F003EE329 /* InfoPlist.strings */ = {
			isa = PBXVariantGroup;
			children = (
				897B5CF51487D10F003EE329 /* en */,
			);
			name = InfoPlist.strings;
			sourceTree = "<group>";
		};
/* End PBXVariantGroup section */

/* Begin XCBuildConfiguration section */
		897B5D061487D10F003EE329 /* Debug */ = {
			isa = XCBuildConfiguration;
			buildSettings = {
				ALWAYS_SEARCH_USER_PATHS = NO;
				ARCHS = "$(ARCHS_STANDARD_32_BIT)";
				"CODE_SIGN_IDENTITY[sdk=iphoneos*]" = "iPhone Developer";
				COPY_PHASE_STRIP = NO;
				GCC_C_LANGUAGE_STANDARD = gnu99;
				GCC_DYNAMIC_NO_PIC = NO;
				GCC_OPTIMIZATION_LEVEL = 0;
				GCC_PREPROCESSOR_DEFINITIONS = (
					"DEBUG=1",
					"$(inherited)",
				);
				GCC_SYMBOLS_PRIVATE_EXTERN = NO;
				GCC_VERSION = com.apple.compilers.llvm.clang.1_0;
				GCC_WARN_ABOUT_MISSING_PROTOTYPES = YES;
				GCC_WARN_ABOUT_RETURN_TYPE = YES;
				GCC_WARN_UNUSED_VARIABLE = YES;
				IPHONEOS_DEPLOYMENT_TARGET = 4.3;
				SDKROOT = iphoneos;
				TARGETED_DEVICE_FAMILY = "1,2";
			};
			name = Debug;
		};
		897B5D071487D10F003EE329 /* Release */ = {
			isa = XCBuildConfiguration;
			buildSettings = {
				ALWAYS_SEARCH_USER_PATHS = NO;
				ARCHS = "$(ARCHS_STANDARD_32_BIT)";
				"CODE_SIGN_IDENTITY[sdk=iphoneos*]" = "iPhone Developer";
				COPY_PHASE_STRIP = YES;
				GCC_C_LANGUAGE_STANDARD = gnu99;
				GCC_VERSION = com.apple.compilers.llvm.clang.1_0;
				GCC_WARN_ABOUT_MISSING_PROTOTYPES = YES;
				GCC_WARN_ABOUT_RETURN_TYPE = YES;
				GCC_WARN_UNUSED_VARIABLE = YES;
				IPHONEOS_DEPLOYMENT_TARGET = 4.3;
				OTHER_CFLAGS = "-DNS_BLOCK_ASSERTIONS=1";
				SDKROOT = iphoneos;
				TARGETED_DEVICE_FAMILY = "1,2";
				VALIDATE_PRODUCT = YES;
			};
			name = Release;
		};
		897B5D091487D10F003EE329 /* Debug */ = {
			isa = XCBuildConfiguration;
			buildSettings = {
				GCC_PRECOMPILE_PREFIX_HEADER = YES;
				GCC_PREFIX_HEADER = "LCV/LCV-Prefix.pch";
				INFOPLIST_FILE = "LCV/LCV-Info.plist";
				IPHONEOS_DEPLOYMENT_TARGET = 4.3;
				PRODUCT_NAME = "$(TARGET_NAME)";
				WRAPPER_EXTENSION = app;
			};
			name = Debug;
		};
		897B5D0A1487D10F003EE329 /* Release */ = {
			isa = XCBuildConfiguration;
			buildSettings = {
				GCC_PRECOMPILE_PREFIX_HEADER = YES;
				GCC_PREFIX_HEADER = "LCV/LCV-Prefix.pch";
				INFOPLIST_FILE = "LCV/LCV-Info.plist";
				IPHONEOS_DEPLOYMENT_TARGET = 4.3;
				PRODUCT_NAME = "$(TARGET_NAME)";
				WRAPPER_EXTENSION = app;
			};
			name = Release;
		};
/* End XCBuildConfiguration section */

/* Begin XCConfigurationList section */
		897B5CE11487D10F003EE329 /* Build configuration list for PBXProject "LCV" */ = {
			isa = XCConfigurationList;
			buildConfigurations = (
				897B5D061487D10F003EE329 /* Debug */,
				897B5D071487D10F003EE329 /* Release */,
			);
			defaultConfigurationIsVisible = 0;
			defaultConfigurationName = Release;
		};
		897B5D081487D10F003EE329 /* Build configuration list for PBXNativeTarget "LCV" */ = {
			isa = XCConfigurationList;
			buildConfigurations = (
				897B5D091487D10F003EE329 /* Debug */,
				897B5D0A1487D10F003EE329 /* Release */,
			);
			defaultConfigurationIsVisible = 0;
			defaultConfigurationName = Release;
		};
/* End XCConfigurationList section */
	};
	rootObject = 897B5CDE1487D10F003EE329 /* Project object */;
}
